// !$*UTF8*$!
{
	archiveVersion = 1;
	classes = {
	};
	objectVersion = 56;
	objects = {

/* Begin PBXBuildFile section */
		DC1B7BC52962066200DEED22 /* XattrBridge.m in Sources */ = {isa = PBXBuildFile; fileRef = DC1B7BC42962066200DEED22 /* XattrBridge.m */; };
		DC1B7BC82962299B00DEED22 /* TaggedFile.swift in Sources */ = {isa = PBXBuildFile; fileRef = DC1B7BC72962299B00DEED22 /* TaggedFile.swift */; };
		DC1B7BCA296229C600DEED22 /* TagBackend.swift in Sources */ = {isa = PBXBuildFile; fileRef = DC1B7BC9296229C600DEED22 /* TagBackend.swift */; };
		DC2809B22967722F003915A5 /* FilesEditingInspectorView.swift in Sources */ = {isa = PBXBuildFile; fileRef = DC2809B12967722F003915A5 /* FilesEditingInspectorView.swift */; };
		DC2E803C296A40450015AE26 /* PropertyListFileWriter.swift in Sources */ = {isa = PBXBuildFile; fileRef = DC2E803B296A40450015AE26 /* PropertyListFileWriter.swift */; };
		DC52448D2960ACB200821407 /* GraffitiApp.swift in Sources */ = {isa = PBXBuildFile; fileRef = DC52448C2960ACB200821407 /* GraffitiApp.swift */; };
		DC52448F2960ACB200821407 /* ContentView.swift in Sources */ = {isa = PBXBuildFile; fileRef = DC52448E2960ACB200821407 /* ContentView.swift */; };
		DC5244912960ACB300821407 /* Assets.xcassets in Resources */ = {isa = PBXBuildFile; fileRef = DC5244902960ACB300821407 /* Assets.xcassets */; };
		DC5244942960ACB300821407 /* Preview Assets.xcassets in Resources */ = {isa = PBXBuildFile; fileRef = DC5244932960ACB300821407 /* Preview Assets.xcassets */; };
		DC8E14632963EAE0002E1788 /* TaggedDirectory.swift in Sources */ = {isa = PBXBuildFile; fileRef = DC8E14622963EAE0002E1788 /* TaggedDirectory.swift */; };
		DCEAB19E296A018A00843BE4 /* FileTagBackend.swift in Sources */ = {isa = PBXBuildFile; fileRef = DCEAB19D296A018A00843BE4 /* FileTagBackend.swift */; };
		DCEAB1A1296A04DE00843BE4 /* CSVFileWriter.swift in Sources */ = {isa = PBXBuildFile; fileRef = DCEAB1A0296A04DE00843BE4 /* CSVFileWriter.swift */; };
		DCEAB1A3296A056B00843BE4 /* FileWriter.swift in Sources */ = {isa = PBXBuildFile; fileRef = DCEAB1A2296A056B00843BE4 /* FileWriter.swift */; };
		DCFA39C02965DCC20002690A /* TagView.swift in Sources */ = {isa = PBXBuildFile; fileRef = DCFA39BF2965DCC20002690A /* TagView.swift */; };
		DCFA39C32965DD1C0002690A /* Tag.swift in Sources */ = {isa = PBXBuildFile; fileRef = DCFA39C22965DD1C0002690A /* Tag.swift */; };
		DCFA39C62965DD560002690A /* LazyBackend.swift in Sources */ = {isa = PBXBuildFile; fileRef = DCFA39C52965DD560002690A /* LazyBackend.swift */; };
		DCFA39C82965DD680002690A /* XattrTagBackend.swift in Sources */ = {isa = PBXBuildFile; fileRef = DCFA39C72965DD680002690A /* XattrTagBackend.swift */; };
		DCFA39CA296604740002690A /* MainView.swift in Sources */ = {isa = PBXBuildFile; fileRef = DCFA39C9296604740002690A /* MainView.swift */; };
		DCFDE988296F4AEC005F00E9 /* JSONFileWriter.swift in Sources */ = {isa = PBXBuildFile; fileRef = DCFDE987296F4AEC005F00E9 /* JSONFileWriter.swift */; };
/* End PBXBuildFile section */

/* Begin PBXFileReference section */
		DC0301EA29737CD500097EBF /* Info.plist */ = {isa = PBXFileReference; lastKnownFileType = text.plist; path = Info.plist; sourceTree = "<group>"; };
		DC1B7BC32962066200DEED22 /* XattrBridge.h */ = {isa = PBXFileReference; lastKnownFileType = sourcecode.c.h; path = XattrBridge.h; sourceTree = "<group>"; };
		DC1B7BC42962066200DEED22 /* XattrBridge.m */ = {isa = PBXFileReference; lastKnownFileType = sourcecode.c.objc; path = XattrBridge.m; sourceTree = "<group>"; };
		DC1B7BC6296209D200DEED22 /* Graffiti-Bridging-Header.h */ = {isa = PBXFileReference; lastKnownFileType = sourcecode.c.h; path = "Graffiti-Bridging-Header.h"; sourceTree = "<group>"; };
		DC1B7BC72962299B00DEED22 /* TaggedFile.swift */ = {isa = PBXFileReference; lastKnownFileType = sourcecode.swift; path = TaggedFile.swift; sourceTree = "<group>"; };
		DC1B7BC9296229C600DEED22 /* TagBackend.swift */ = {isa = PBXFileReference; lastKnownFileType = sourcecode.swift; path = TagBackend.swift; sourceTree = "<group>"; };
		DC2809B12967722F003915A5 /* FilesEditingInspectorView.swift */ = {isa = PBXFileReference; lastKnownFileType = sourcecode.swift; path = FilesEditingInspectorView.swift; sourceTree = "<group>"; };
		DC2E803B296A40450015AE26 /* PropertyListFileWriter.swift */ = {isa = PBXFileReference; lastKnownFileType = sourcecode.swift; path = PropertyListFileWriter.swift; sourceTree = "<group>"; };
		DC5244892960ACB200821407 /* Graffiti.app */ = {isa = PBXFileReference; explicitFileType = wrapper.application; includeInIndex = 0; path = Graffiti.app; sourceTree = BUILT_PRODUCTS_DIR; };
		DC52448C2960ACB200821407 /* GraffitiApp.swift */ = {isa = PBXFileReference; lastKnownFileType = sourcecode.swift; path = GraffitiApp.swift; sourceTree = "<group>"; };
		DC52448E2960ACB200821407 /* ContentView.swift */ = {isa = PBXFileReference; lastKnownFileType = sourcecode.swift; path = ContentView.swift; sourceTree = "<group>"; };
		DC5244902960ACB300821407 /* Assets.xcassets */ = {isa = PBXFileReference; lastKnownFileType = folder.assetcatalog; path = Assets.xcassets; sourceTree = "<group>"; };
		DC5244932960ACB300821407 /* Preview Assets.xcassets */ = {isa = PBXFileReference; lastKnownFileType = folder.assetcatalog; path = "Preview Assets.xcassets"; sourceTree = "<group>"; };
		DC5244952960ACB300821407 /* Graffiti.entitlements */ = {isa = PBXFileReference; lastKnownFileType = text.plist.entitlements; path = Graffiti.entitlements; sourceTree = "<group>"; };
		DC8E14622963EAE0002E1788 /* TaggedDirectory.swift */ = {isa = PBXFileReference; lastKnownFileType = sourcecode.swift; path = TaggedDirectory.swift; sourceTree = "<group>"; };
		DCEAB19D296A018A00843BE4 /* FileTagBackend.swift */ = {isa = PBXFileReference; lastKnownFileType = sourcecode.swift; path = FileTagBackend.swift; sourceTree = "<group>"; };
		DCEAB1A0296A04DE00843BE4 /* CSVFileWriter.swift */ = {isa = PBXFileReference; lastKnownFileType = sourcecode.swift; path = CSVFileWriter.swift; sourceTree = "<group>"; };
		DCEAB1A2296A056B00843BE4 /* FileWriter.swift */ = {isa = PBXFileReference; lastKnownFileType = sourcecode.swift; path = FileWriter.swift; sourceTree = "<group>"; };
		DCFA39BF2965DCC20002690A /* TagView.swift */ = {isa = PBXFileReference; lastKnownFileType = sourcecode.swift; path = TagView.swift; sourceTree = "<group>"; };
		DCFA39C22965DD1C0002690A /* Tag.swift */ = {isa = PBXFileReference; lastKnownFileType = sourcecode.swift; path = Tag.swift; sourceTree = "<group>"; };
		DCFA39C52965DD560002690A /* LazyBackend.swift */ = {isa = PBXFileReference; lastKnownFileType = sourcecode.swift; path = LazyBackend.swift; sourceTree = "<group>"; };
		DCFA39C72965DD680002690A /* XattrTagBackend.swift */ = {isa = PBXFileReference; lastKnownFileType = sourcecode.swift; path = XattrTagBackend.swift; sourceTree = "<group>"; };
		DCFA39C9296604740002690A /* MainView.swift */ = {isa = PBXFileReference; lastKnownFileType = sourcecode.swift; path = MainView.swift; sourceTree = "<group>"; };
		DCFDE987296F4AEC005F00E9 /* JSONFileWriter.swift */ = {isa = PBXFileReference; lastKnownFileType = sourcecode.swift; path = JSONFileWriter.swift; sourceTree = "<group>"; };
/* End PBXFileReference section */

/* Begin PBXFrameworksBuildPhase section */
		DC5244862960ACB200821407 /* Frameworks */ = {
			isa = PBXFrameworksBuildPhase;
			buildActionMask = 2147483647;
			files = (
			);
			runOnlyForDeploymentPostprocessing = 0;
		};
/* End PBXFrameworksBuildPhase section */

/* Begin PBXGroup section */
		DC5244802960ACB200821407 = {
			isa = PBXGroup;
			children = (
				DC52448B2960ACB200821407 /* Graffiti */,
				DC52448A2960ACB200821407 /* Products */,
			);
			sourceTree = "<group>";
		};
		DC52448A2960ACB200821407 /* Products */ = {
			isa = PBXGroup;
			children = (
				DC5244892960ACB200821407 /* Graffiti.app */,
			);
			name = Products;
			sourceTree = "<group>";
		};
		DC52448B2960ACB200821407 /* Graffiti */ = {
			isa = PBXGroup;
			children = (
				DC0301EA29737CD500097EBF /* Info.plist */,
				DCFA39C42965DD400002690A /* Controllers */,
				DCFA39C12965DD090002690A /* Models */,
				DC1B7BC32962066200DEED22 /* XattrBridge.h */,
				DC1B7BC6296209D200DEED22 /* Graffiti-Bridging-Header.h */,
				DC1B7BC42962066200DEED22 /* XattrBridge.m */,
				DC52448C2960ACB200821407 /* GraffitiApp.swift */,
				DCE8E1582967D45F002D0A05 /* Views */,
				DC5244902960ACB300821407 /* Assets.xcassets */,
				DC5244952960ACB300821407 /* Graffiti.entitlements */,
				DC5244922960ACB300821407 /* Preview Content */,
			);
			path = Graffiti;
			sourceTree = "<group>";
		};
		DC5244922960ACB300821407 /* Preview Content */ = {
			isa = PBXGroup;
			children = (
				DC5244932960ACB300821407 /* Preview Assets.xcassets */,
			);
			path = "Preview Content";
			sourceTree = "<group>";
		};
		DCE8E1582967D45F002D0A05 /* Views */ = {
			isa = PBXGroup;
			children = (
				DC52448E2960ACB200821407 /* ContentView.swift */,
				DCFA39C9296604740002690A /* MainView.swift */,
				DCFA39BF2965DCC20002690A /* TagView.swift */,
				DC2809B12967722F003915A5 /* FilesEditingInspectorView.swift */,
			);
			path = Views;
			sourceTree = "<group>";
		};
		DCEAB19F296A04D100843BE4 /* FileWriters */ = {
			isa = PBXGroup;
			children = (
				DCEAB1A0296A04DE00843BE4 /* CSVFileWriter.swift */,
				DCEAB1A2296A056B00843BE4 /* FileWriter.swift */,
				DC2E803B296A40450015AE26 /* PropertyListFileWriter.swift */,
				DCFDE987296F4AEC005F00E9 /* JSONFileWriter.swift */,
			);
			path = FileWriters;
			sourceTree = "<group>";
		};
		DCFA39C12965DD090002690A /* Models */ = {
			isa = PBXGroup;
			children = (
				DC1B7BC72962299B00DEED22 /* TaggedFile.swift */,
				DCFA39C22965DD1C0002690A /* Tag.swift */,
				DC8E14622963EAE0002E1788 /* TaggedDirectory.swift */,
			);
			path = Models;
			sourceTree = "<group>";
		};
		DCFA39C42965DD400002690A /* Controllers */ = {
			isa = PBXGroup;
			children = (
				DCEAB19F296A04D100843BE4 /* FileWriters */,
				DC1B7BC9296229C600DEED22 /* TagBackend.swift */,
				DCEAB19D296A018A00843BE4 /* FileTagBackend.swift */,
				DCFA39C52965DD560002690A /* LazyBackend.swift */,
				DCFA39C72965DD680002690A /* XattrTagBackend.swift */,
			);
			path = Controllers;
			sourceTree = "<group>";
		};
/* End PBXGroup section */

/* Begin PBXNativeTarget section */
		DC5244882960ACB200821407 /* Graffiti */ = {
			isa = PBXNativeTarget;
			buildConfigurationList = DC5244982960ACB300821407 /* Build configuration list for PBXNativeTarget "Graffiti" */;
			buildPhases = (
				DC5244852960ACB200821407 /* Sources */,
				DC5244862960ACB200821407 /* Frameworks */,
				DC5244872960ACB200821407 /* Resources */,
			);
			buildRules = (
			);
			dependencies = (
			);
			name = Graffiti;
			productName = Graffiti;
			productReference = DC5244892960ACB200821407 /* Graffiti.app */;
			productType = "com.apple.product-type.application";
		};
/* End PBXNativeTarget section */

/* Begin PBXProject section */
		DC5244812960ACB200821407 /* Project object */ = {
			isa = PBXProject;
			attributes = {
				BuildIndependentTargetsInParallel = 1;
				LastSwiftUpdateCheck = 1420;
				LastUpgradeCheck = 1420;
				TargetAttributes = {
					DC5244882960ACB200821407 = {
						CreatedOnToolsVersion = 14.2;
						LastSwiftMigration = 1420;
					};
				};
			};
			buildConfigurationList = DC5244842960ACB200821407 /* Build configuration list for PBXProject "Graffiti" */;
			compatibilityVersion = "Xcode 14.0";
			developmentRegion = en;
			hasScannedForEncodings = 0;
			knownRegions = (
				en,
				Base,
			);
			mainGroup = DC5244802960ACB200821407;
			productRefGroup = DC52448A2960ACB200821407 /* Products */;
			projectDirPath = "";
			projectRoot = "";
			targets = (
				DC5244882960ACB200821407 /* Graffiti */,
			);
		};
/* End PBXProject section */

/* Begin PBXResourcesBuildPhase section */
		DC5244872960ACB200821407 /* Resources */ = {
			isa = PBXResourcesBuildPhase;
			buildActionMask = 2147483647;
			files = (
				DC5244942960ACB300821407 /* Preview Assets.xcassets in Resources */,
				DC5244912960ACB300821407 /* Assets.xcassets in Resources */,
			);
			runOnlyForDeploymentPostprocessing = 0;
		};
/* End PBXResourcesBuildPhase section */

/* Begin PBXSourcesBuildPhase section */
		DC5244852960ACB200821407 /* Sources */ = {
			isa = PBXSourcesBuildPhase;
			buildActionMask = 2147483647;
			files = (
				DCFA39C32965DD1C0002690A /* Tag.swift in Sources */,
				DC1B7BC52962066200DEED22 /* XattrBridge.m in Sources */,
				DC1B7BCA296229C600DEED22 /* TagBackend.swift in Sources */,
				DC52448F2960ACB200821407 /* ContentView.swift in Sources */,
				DC52448D2960ACB200821407 /* GraffitiApp.swift in Sources */,
				DCFA39C62965DD560002690A /* LazyBackend.swift in Sources */,
				DC2E803C296A40450015AE26 /* PropertyListFileWriter.swift in Sources */,
				DCEAB19E296A018A00843BE4 /* FileTagBackend.swift in Sources */,
				DCFA39C82965DD680002690A /* XattrTagBackend.swift in Sources */,
				DC2809B22967722F003915A5 /* FilesEditingInspectorView.swift in Sources */,
				DCFDE988296F4AEC005F00E9 /* JSONFileWriter.swift in Sources */,
				DCFA39CA296604740002690A /* MainView.swift in Sources */,
				DCFA39C02965DCC20002690A /* TagView.swift in Sources */,
				DC1B7BC82962299B00DEED22 /* TaggedFile.swift in Sources */,
				DCEAB1A3296A056B00843BE4 /* FileWriter.swift in Sources */,
				DC8E14632963EAE0002E1788 /* TaggedDirectory.swift in Sources */,
				DCEAB1A1296A04DE00843BE4 /* CSVFileWriter.swift in Sources */,
			);
			runOnlyForDeploymentPostprocessing = 0;
		};
/* End PBXSourcesBuildPhase section */

/* Begin XCBuildConfiguration section */
		DC5244962960ACB300821407 /* Debug */ = {
			isa = XCBuildConfiguration;
			buildSettings = {
				ALWAYS_SEARCH_USER_PATHS = NO;
				CLANG_ANALYZER_NONNULL = YES;
				CLANG_ANALYZER_NUMBER_OBJECT_CONVERSION = YES_AGGRESSIVE;
				CLANG_CXX_LANGUAGE_STANDARD = "gnu++20";
				CLANG_ENABLE_MODULES = YES;
				CLANG_ENABLE_OBJC_ARC = YES;
				CLANG_ENABLE_OBJC_WEAK = YES;
				CLANG_WARN_BLOCK_CAPTURE_AUTORELEASING = YES;
				CLANG_WARN_BOOL_CONVERSION = YES;
				CLANG_WARN_COMMA = YES;
				CLANG_WARN_CONSTANT_CONVERSION = YES;
				CLANG_WARN_DEPRECATED_OBJC_IMPLEMENTATIONS = YES;
				CLANG_WARN_DIRECT_OBJC_ISA_USAGE = YES_ERROR;
				CLANG_WARN_DOCUMENTATION_COMMENTS = YES;
				CLANG_WARN_EMPTY_BODY = YES;
				CLANG_WARN_ENUM_CONVERSION = YES;
				CLANG_WARN_INFINITE_RECURSION = YES;
				CLANG_WARN_INT_CONVERSION = YES;
				CLANG_WARN_NON_LITERAL_NULL_CONVERSION = YES;
				CLANG_WARN_OBJC_IMPLICIT_RETAIN_SELF = YES;
				CLANG_WARN_OBJC_LITERAL_CONVERSION = YES;
				CLANG_WARN_OBJC_ROOT_CLASS = YES_ERROR;
				CLANG_WARN_QUOTED_INCLUDE_IN_FRAMEWORK_HEADER = YES;
				CLANG_WARN_RANGE_LOOP_ANALYSIS = YES;
				CLANG_WARN_STRICT_PROTOTYPES = YES;
				CLANG_WARN_SUSPICIOUS_MOVE = YES;
				CLANG_WARN_UNGUARDED_AVAILABILITY = YES_AGGRESSIVE;
				CLANG_WARN_UNREACHABLE_CODE = YES;
				CLANG_WARN__DUPLICATE_METHOD_MATCH = YES;
				COPY_PHASE_STRIP = NO;
				DEBUG_INFORMATION_FORMAT = dwarf;
				ENABLE_STRICT_OBJC_MSGSEND = YES;
				ENABLE_TESTABILITY = YES;
				GCC_C_LANGUAGE_STANDARD = gnu11;
				GCC_DYNAMIC_NO_PIC = NO;
				GCC_NO_COMMON_BLOCKS = YES;
				GCC_OPTIMIZATION_LEVEL = 0;
				GCC_PREPROCESSOR_DEFINITIONS = (
					"DEBUG=1",
					"$(inherited)",
				);
				GCC_WARN_64_TO_32_BIT_CONVERSION = YES;
				GCC_WARN_ABOUT_RETURN_TYPE = YES_ERROR;
				GCC_WARN_UNDECLARED_SELECTOR = YES;
				GCC_WARN_UNINITIALIZED_AUTOS = YES_AGGRESSIVE;
				GCC_WARN_UNUSED_FUNCTION = YES;
				GCC_WARN_UNUSED_VARIABLE = YES;
				INFOPLIST_KEY_LSApplicationCategoryType = "public.app-category.productivity";
				MACOSX_DEPLOYMENT_TARGET = 13.0;
				MTL_ENABLE_DEBUG_INFO = INCLUDE_SOURCE;
				MTL_FAST_MATH = YES;
				ONLY_ACTIVE_ARCH = YES;
				SDKROOT = macosx;
				SWIFT_ACTIVE_COMPILATION_CONDITIONS = DEBUG;
				SWIFT_OPTIMIZATION_LEVEL = "-Onone";
			};
			name = Debug;
		};
		DC5244972960ACB300821407 /* Release */ = {
			isa = XCBuildConfiguration;
			buildSettings = {
				ALWAYS_SEARCH_USER_PATHS = NO;
				CLANG_ANALYZER_NONNULL = YES;
				CLANG_ANALYZER_NUMBER_OBJECT_CONVERSION = YES_AGGRESSIVE;
				CLANG_CXX_LANGUAGE_STANDARD = "gnu++20";
				CLANG_ENABLE_MODULES = YES;
				CLANG_ENABLE_OBJC_ARC = YES;
				CLANG_ENABLE_OBJC_WEAK = YES;
				CLANG_WARN_BLOCK_CAPTURE_AUTORELEASING = YES;
				CLANG_WARN_BOOL_CONVERSION = YES;
				CLANG_WARN_COMMA = YES;
				CLANG_WARN_CONSTANT_CONVERSION = YES;
				CLANG_WARN_DEPRECATED_OBJC_IMPLEMENTATIONS = YES;
				CLANG_WARN_DIRECT_OBJC_ISA_USAGE = YES_ERROR;
				CLANG_WARN_DOCUMENTATION_COMMENTS = YES;
				CLANG_WARN_EMPTY_BODY = YES;
				CLANG_WARN_ENUM_CONVERSION = YES;
				CLANG_WARN_INFINITE_RECURSION = YES;
				CLANG_WARN_INT_CONVERSION = YES;
				CLANG_WARN_NON_LITERAL_NULL_CONVERSION = YES;
				CLANG_WARN_OBJC_IMPLICIT_RETAIN_SELF = YES;
				CLANG_WARN_OBJC_LITERAL_CONVERSION = YES;
				CLANG_WARN_OBJC_ROOT_CLASS = YES_ERROR;
				CLANG_WARN_QUOTED_INCLUDE_IN_FRAMEWORK_HEADER = YES;
				CLANG_WARN_RANGE_LOOP_ANALYSIS = YES;
				CLANG_WARN_STRICT_PROTOTYPES = YES;
				CLANG_WARN_SUSPICIOUS_MOVE = YES;
				CLANG_WARN_UNGUARDED_AVAILABILITY = YES_AGGRESSIVE;
				CLANG_WARN_UNREACHABLE_CODE = YES;
				CLANG_WARN__DUPLICATE_METHOD_MATCH = YES;
				COPY_PHASE_STRIP = NO;
				DEBUG_INFORMATION_FORMAT = "dwarf-with-dsym";
				ENABLE_NS_ASSERTIONS = NO;
				ENABLE_STRICT_OBJC_MSGSEND = YES;
				GCC_C_LANGUAGE_STANDARD = gnu11;
				GCC_NO_COMMON_BLOCKS = YES;
				GCC_WARN_64_TO_32_BIT_CONVERSION = YES;
				GCC_WARN_ABOUT_RETURN_TYPE = YES_ERROR;
				GCC_WARN_UNDECLARED_SELECTOR = YES;
				GCC_WARN_UNINITIALIZED_AUTOS = YES_AGGRESSIVE;
				GCC_WARN_UNUSED_FUNCTION = YES;
				GCC_WARN_UNUSED_VARIABLE = YES;
				INFOPLIST_KEY_LSApplicationCategoryType = "public.app-category.productivity";
				MACOSX_DEPLOYMENT_TARGET = 13.0;
				MTL_ENABLE_DEBUG_INFO = NO;
				MTL_FAST_MATH = YES;
				SDKROOT = macosx;
				SWIFT_COMPILATION_MODE = wholemodule;
				SWIFT_OPTIMIZATION_LEVEL = "-O";
			};
			name = Release;
		};
		DC5244992960ACB300821407 /* Debug */ = {
			isa = XCBuildConfiguration;
			buildSettings = {
				ASSETCATALOG_COMPILER_APPICON_NAME = AppIcon;
				ASSETCATALOG_COMPILER_GLOBAL_ACCENT_COLOR_NAME = AccentColor;
				CLANG_ENABLE_MODULES = YES;
				CODE_SIGN_ENTITLEMENTS = Graffiti/Graffiti.entitlements;
				CODE_SIGN_STYLE = Automatic;
				COMBINE_HIDPI_IMAGES = YES;
				CURRENT_PROJECT_VERSION = 23JA15A;
				DEVELOPMENT_ASSET_PATHS = "\"Graffiti/Preview Content\"";
				DEVELOPMENT_TEAM = 9KTV75G5K9;
				ENABLE_HARDENED_RUNTIME = YES;
				ENABLE_PREVIEWS = YES;
				GENERATE_INFOPLIST_FILE = YES;
				INFOPLIST_FILE = Graffiti/Info.plist;
				INFOPLIST_KEY_LSApplicationCategoryType = "public.app-category.productivity";
				INFOPLIST_KEY_NSHumanReadableCopyright = "";
				LD_RUNPATH_SEARCH_PATHS = (
					"$(inherited)",
					"@executable_path/../Frameworks",
				);
				MACOSX_DEPLOYMENT_TARGET = 13.0;
				MARKETING_VERSION = 4.0.0;
				PRODUCT_BUNDLE_IDENTIFIER = com.tom.Graffiti;
				PRODUCT_NAME = "$(TARGET_NAME)";
				SWIFT_EMIT_LOC_STRINGS = YES;
				SWIFT_OBJC_BRIDGING_HEADER = "Graffiti/Graffiti-Bridging-Header.h";
				SWIFT_OPTIMIZATION_LEVEL = "-Onone";
				SWIFT_VERSION = 5.0;
			};
			name = Debug;
		};
		DC52449A2960ACB300821407 /* Release */ = {
			isa = XCBuildConfiguration;
			buildSettings = {
				ASSETCATALOG_COMPILER_APPICON_NAME = AppIcon;
				ASSETCATALOG_COMPILER_GLOBAL_ACCENT_COLOR_NAME = AccentColor;
				CLANG_ENABLE_MODULES = YES;
				CODE_SIGN_ENTITLEMENTS = Graffiti/Graffiti.entitlements;
				CODE_SIGN_STYLE = Automatic;
				COMBINE_HIDPI_IMAGES = YES;
				CURRENT_PROJECT_VERSION = 23JA15A;
				DEVELOPMENT_ASSET_PATHS = "\"Graffiti/Preview Content\"";
				DEVELOPMENT_TEAM = 9KTV75G5K9;
				ENABLE_HARDENED_RUNTIME = YES;
				ENABLE_PREVIEWS = YES;
				GENERATE_INFOPLIST_FILE = YES;
				INFOPLIST_FILE = Graffiti/Info.plist;
				INFOPLIST_KEY_LSApplicationCategoryType = "public.app-category.productivity";
				INFOPLIST_KEY_NSHumanReadableCopyright = "";
				LD_RUNPATH_SEARCH_PATHS = (
					"$(inherited)",
					"@executable_path/../Frameworks",
				);
				MACOSX_DEPLOYMENT_TARGET = 13.0;
				MARKETING_VERSION = 4.0.0;
				PRODUCT_BUNDLE_IDENTIFIER = com.tom.Graffiti;
				PRODUCT_NAME = "$(TARGET_NAME)";
				SWIFT_EMIT_LOC_STRINGS = YES;
				SWIFT_OBJC_BRIDGING_HEADER = "Graffiti/Graffiti-Bridging-Header.h";
				SWIFT_VERSION = 5.0;
			};
			name = Release;
		};
/* End XCBuildConfiguration section */

/* Begin XCConfigurationList section */
		DC5244842960ACB200821407 /* Build configuration list for PBXProject "Graffiti" */ = {
			isa = XCConfigurationList;
			buildConfigurations = (
				DC5244962960ACB300821407 /* Debug */,
				DC5244972960ACB300821407 /* Release */,
			);
			defaultConfigurationIsVisible = 0;
			defaultConfigurationName = Release;
		};
		DC5244982960ACB300821407 /* Build configuration list for PBXNativeTarget "Graffiti" */ = {
			isa = XCConfigurationList;
			buildConfigurations = (
				DC5244992960ACB300821407 /* Debug */,
				DC52449A2960ACB300821407 /* Release */,
			);
			defaultConfigurationIsVisible = 0;
			defaultConfigurationName = Release;
		};
/* End XCConfigurationList section */
	};
	rootObject = DC5244812960ACB200821407 /* Project object */;
}
