// !$*UTF8*$!
{
	archiveVersion = 1;
	classes = {
	};
	objectVersion = 56;
	objects = {

/* Begin PBXBuildFile section */
		DC09FE31297DB3E400BD51D9 /* CSVFileWriter.swift in Sources */ = {isa = PBXBuildFile; fileRef = DCEAB1A0296A04DE00843BE4 /* CSVFileWriter.swift */; };
		DC09FE32297DB3E400BD51D9 /* FileWriter.swift in Sources */ = {isa = PBXBuildFile; fileRef = DCEAB1A2296A056B00843BE4 /* FileWriter.swift */; };
		DC09FE33297DB3E400BD51D9 /* PropertyListFileWriter.swift in Sources */ = {isa = PBXBuildFile; fileRef = DC2E803B296A40450015AE26 /* PropertyListFileWriter.swift */; };
		DC09FE34297DB3E400BD51D9 /* JSONFileWriter.swift in Sources */ = {isa = PBXBuildFile; fileRef = DCFDE987296F4AEC005F00E9 /* JSONFileWriter.swift */; };
		DC09FE35297DB3E400BD51D9 /* CompressedCustomTagStoreWriter.swift in Sources */ = {isa = PBXBuildFile; fileRef = DC21D4D22979ED900024E644 /* CompressedCustomTagStoreWriter.swift */; };
		DC09FE36297DB41E00BD51D9 /* TaggedFile.swift in Sources */ = {isa = PBXBuildFile; fileRef = DC1B7BC72962299B00DEED22 /* TaggedFile.swift */; };
		DC09FE37297DB41E00BD51D9 /* Tag.swift in Sources */ = {isa = PBXBuildFile; fileRef = DCFA39C22965DD1C0002690A /* Tag.swift */; };
		DC09FE38297DB41E00BD51D9 /* Version.swift in Sources */ = {isa = PBXBuildFile; fileRef = DC5FA2F12975032800084CB2 /* Version.swift */; };
		DC09FE39297DB41E00BD51D9 /* TagStore.swift in Sources */ = {isa = PBXBuildFile; fileRef = DC5FA2F32975091500084CB2 /* TagStore.swift */; };
		DC09FE3B297DB5F600BD51D9 /* Utility.swift in Sources */ = {isa = PBXBuildFile; fileRef = DC09FE3A297DB5F600BD51D9 /* Utility.swift */; };
		DC09FE3C297DB5F600BD51D9 /* Utility.swift in Sources */ = {isa = PBXBuildFile; fileRef = DC09FE3A297DB5F600BD51D9 /* Utility.swift */; };
		DC09FE3D297DB60E00BD51D9 /* FileTagBackend.swift in Sources */ = {isa = PBXBuildFile; fileRef = DCEAB19D296A018A00843BE4 /* FileTagBackend.swift */; };
		DC09FE3E297DB62E00BD51D9 /* TagBackend.swift in Sources */ = {isa = PBXBuildFile; fileRef = DC1B7BC9296229C600DEED22 /* TagBackend.swift */; };
		DC09FE3F297DB63600BD51D9 /* XattrTagBackend.swift in Sources */ = {isa = PBXBuildFile; fileRef = DCFA39C72965DD680002690A /* XattrTagBackend.swift */; };
		DC09FE40297DB64000BD51D9 /* XattrBridge.m in Sources */ = {isa = PBXBuildFile; fileRef = DC1B7BC42962066200DEED22 /* XattrBridge.m */; };
		DC09FE41297DB66700BD51D9 /* LazyBackend.swift in Sources */ = {isa = PBXBuildFile; fileRef = DCFA39C52965DD560002690A /* LazyBackend.swift */; };
		DC09FE42297DB66700BD51D9 /* TaggedDirectory.swift in Sources */ = {isa = PBXBuildFile; fileRef = DC8E14622963EAE0002E1788 /* TaggedDirectory.swift */; };
		DC14E745297DCBE8001B00AC /* QuickLookThumbnailing.framework in Frameworks */ = {isa = PBXBuildFile; fileRef = DC14E744297DCBE7001B00AC /* QuickLookThumbnailing.framework */; };
		DC14E746297DCBE8001B00AC /* Quartz.framework in Frameworks */ = {isa = PBXBuildFile; fileRef = DCFAEC6D297AFD3400F8A80F /* Quartz.framework */; };
		DC14E749297DCBE8001B00AC /* ThumbnailProvider.swift in Sources */ = {isa = PBXBuildFile; fileRef = DC14E748297DCBE8001B00AC /* ThumbnailProvider.swift */; };
		DC14E74E297DCBE8001B00AC /* CCTSThumbnailProvider.appex in Embed Foundation Extensions */ = {isa = PBXBuildFile; fileRef = DC14E743297DCBE7001B00AC /* CCTSThumbnailProvider.appex */; settings = {ATTRIBUTES = (RemoveHeadersOnCopy, ); }; };
		DC1B7BC52962066200DEED22 /* XattrBridge.m in Sources */ = {isa = PBXBuildFile; fileRef = DC1B7BC42962066200DEED22 /* XattrBridge.m */; };
		DC1B7BC82962299B00DEED22 /* TaggedFile.swift in Sources */ = {isa = PBXBuildFile; fileRef = DC1B7BC72962299B00DEED22 /* TaggedFile.swift */; };
		DC1B7BCA296229C600DEED22 /* TagBackend.swift in Sources */ = {isa = PBXBuildFile; fileRef = DC1B7BC9296229C600DEED22 /* TagBackend.swift */; };
		DC21D4D32979ED910024E644 /* CompressedCustomTagStoreWriter.swift in Sources */ = {isa = PBXBuildFile; fileRef = DC21D4D22979ED900024E644 /* CompressedCustomTagStoreWriter.swift */; };
		DC2809B22967722F003915A5 /* FilesEditingInspectorView.swift in Sources */ = {isa = PBXBuildFile; fileRef = DC2809B12967722F003915A5 /* FilesEditingInspectorView.swift */; };
		DC2E803C296A40450015AE26 /* PropertyListFileWriter.swift in Sources */ = {isa = PBXBuildFile; fileRef = DC2E803B296A40450015AE26 /* PropertyListFileWriter.swift */; };
		DC341E2429814D3F003B5153 /* ConvertView.swift in Sources */ = {isa = PBXBuildFile; fileRef = DC341E2329814D3F003B5153 /* ConvertView.swift */; };
		DC341E2629814D8F003B5153 /* FormatSelector.swift in Sources */ = {isa = PBXBuildFile; fileRef = DC341E2529814D8F003B5153 /* FormatSelector.swift */; };
		DC4E799E297DF2E3003AEE68 /* Tag.swift in Sources */ = {isa = PBXBuildFile; fileRef = DCFA39C22965DD1C0002690A /* Tag.swift */; };
		DC4E799F297DF2E3003AEE68 /* LazyBackend.swift in Sources */ = {isa = PBXBuildFile; fileRef = DCFA39C52965DD560002690A /* LazyBackend.swift */; };
		DC4E79A0297DF2E3003AEE68 /* TaggedFile.swift in Sources */ = {isa = PBXBuildFile; fileRef = DC1B7BC72962299B00DEED22 /* TaggedFile.swift */; };
		DC4E79A1297DF2E3003AEE68 /* JSONFileWriter.swift in Sources */ = {isa = PBXBuildFile; fileRef = DCFDE987296F4AEC005F00E9 /* JSONFileWriter.swift */; };
		DC4E79A2297DF2E3003AEE68 /* TaggedDirectory.swift in Sources */ = {isa = PBXBuildFile; fileRef = DC8E14622963EAE0002E1788 /* TaggedDirectory.swift */; };
		DC4E79A3297DF2E3003AEE68 /* TagStore.swift in Sources */ = {isa = PBXBuildFile; fileRef = DC5FA2F32975091500084CB2 /* TagStore.swift */; };
		DC4E79A4297DF2E3003AEE68 /* XattrTagBackend.swift in Sources */ = {isa = PBXBuildFile; fileRef = DCFA39C72965DD680002690A /* XattrTagBackend.swift */; };
		DC4E79A5297DF2E3003AEE68 /* FileTagBackend.swift in Sources */ = {isa = PBXBuildFile; fileRef = DCEAB19D296A018A00843BE4 /* FileTagBackend.swift */; };
		DC4E79A6297DF2E3003AEE68 /* Version.swift in Sources */ = {isa = PBXBuildFile; fileRef = DC5FA2F12975032800084CB2 /* Version.swift */; };
		DC4E79A7297DF2E3003AEE68 /* CompressedCustomTagStoreWriter.swift in Sources */ = {isa = PBXBuildFile; fileRef = DC21D4D22979ED900024E644 /* CompressedCustomTagStoreWriter.swift */; };
		DC4E79A8297DF2E3003AEE68 /* FileWriter.swift in Sources */ = {isa = PBXBuildFile; fileRef = DCEAB1A2296A056B00843BE4 /* FileWriter.swift */; };
		DC4E79A9297DF2E3003AEE68 /* TagBackend.swift in Sources */ = {isa = PBXBuildFile; fileRef = DC1B7BC9296229C600DEED22 /* TagBackend.swift */; };
		DC4E79AA297DF2E3003AEE68 /* PropertyListFileWriter.swift in Sources */ = {isa = PBXBuildFile; fileRef = DC2E803B296A40450015AE26 /* PropertyListFileWriter.swift */; };
		DC4E79AB297DF2E3003AEE68 /* CSVFileWriter.swift in Sources */ = {isa = PBXBuildFile; fileRef = DCEAB1A0296A04DE00843BE4 /* CSVFileWriter.swift */; };
		DC4E79AC297DF372003AEE68 /* Utility.swift in Sources */ = {isa = PBXBuildFile; fileRef = DC09FE3A297DB5F600BD51D9 /* Utility.swift */; };
		DC4E79AD297DF3AC003AEE68 /* XattrBridge.m in Sources */ = {isa = PBXBuildFile; fileRef = DC1B7BC42962066200DEED22 /* XattrBridge.m */; };
		DC4E79AE297E071C003AEE68 /* PreviewViewController.swift in Sources */ = {isa = PBXBuildFile; fileRef = DCFAEC70297AFD3400F8A80F /* PreviewViewController.swift */; };
		DC52448D2960ACB200821407 /* GraffitiApp.swift in Sources */ = {isa = PBXBuildFile; fileRef = DC52448C2960ACB200821407 /* GraffitiApp.swift */; };
		DC52448F2960ACB200821407 /* ContentView.swift in Sources */ = {isa = PBXBuildFile; fileRef = DC52448E2960ACB200821407 /* ContentView.swift */; };
		DC5244912960ACB300821407 /* Assets.xcassets in Resources */ = {isa = PBXBuildFile; fileRef = DC5244902960ACB300821407 /* Assets.xcassets */; };
		DC5244942960ACB300821407 /* Preview Assets.xcassets in Resources */ = {isa = PBXBuildFile; fileRef = DC5244932960ACB300821407 /* Preview Assets.xcassets */; };
		DC5D264E297EE699009D3868 /* GraffitiTagFileExtension.swift in Sources */ = {isa = PBXBuildFile; fileRef = DC5D264D297EE699009D3868 /* GraffitiTagFileExtension.swift */; };
		DC5D2650297EE699009D3868 /* GraffitiAddTagsToFile.swift in Sources */ = {isa = PBXBuildFile; fileRef = DC5D264F297EE699009D3868 /* GraffitiAddTagsToFile.swift */; };
		DC5D2655297EE699009D3868 /* GraffitiTagFile.appex in Embed ExtensionKit Extensions */ = {isa = PBXBuildFile; fileRef = DC5D264B297EE699009D3868 /* GraffitiTagFile.appex */; settings = {ATTRIBUTES = (RemoveHeadersOnCopy, ); }; };
		DC5D265B297EE79F009D3868 /* Format.swift in Sources */ = {isa = PBXBuildFile; fileRef = DC5D265A297EE79F009D3868 /* Format.swift */; };
		DC5D265C297EE7B5009D3868 /* Format.swift in Sources */ = {isa = PBXBuildFile; fileRef = DC5D265A297EE79F009D3868 /* Format.swift */; };
		DC5D265D297EE8D2009D3868 /* CompressedCustomTagStoreWriter.swift in Sources */ = {isa = PBXBuildFile; fileRef = DC21D4D22979ED900024E644 /* CompressedCustomTagStoreWriter.swift */; };
		DC5D265E297EE8D2009D3868 /* LazyBackend.swift in Sources */ = {isa = PBXBuildFile; fileRef = DCFA39C52965DD560002690A /* LazyBackend.swift */; };
		DC5D265F297EE8D2009D3868 /* TagBackend.swift in Sources */ = {isa = PBXBuildFile; fileRef = DC1B7BC9296229C600DEED22 /* TagBackend.swift */; };
		DC5D2660297EE8D2009D3868 /* CSVFileWriter.swift in Sources */ = {isa = PBXBuildFile; fileRef = DCEAB1A0296A04DE00843BE4 /* CSVFileWriter.swift */; };
		DC5D2661297EE8D2009D3868 /* JSONFileWriter.swift in Sources */ = {isa = PBXBuildFile; fileRef = DCFDE987296F4AEC005F00E9 /* JSONFileWriter.swift */; };
		DC5D2662297EE8D2009D3868 /* PropertyListFileWriter.swift in Sources */ = {isa = PBXBuildFile; fileRef = DC2E803B296A40450015AE26 /* PropertyListFileWriter.swift */; };
		DC5D2663297EE8D2009D3868 /* FileWriter.swift in Sources */ = {isa = PBXBuildFile; fileRef = DCEAB1A2296A056B00843BE4 /* FileWriter.swift */; };
		DC5D2664297EE8D2009D3868 /* FileTagBackend.swift in Sources */ = {isa = PBXBuildFile; fileRef = DCEAB19D296A018A00843BE4 /* FileTagBackend.swift */; };
		DC5D2665297EE8D2009D3868 /* XattrTagBackend.swift in Sources */ = {isa = PBXBuildFile; fileRef = DCFA39C72965DD680002690A /* XattrTagBackend.swift */; };
		DC5D2666297EE93D009D3868 /* TaggedDirectory.swift in Sources */ = {isa = PBXBuildFile; fileRef = DC8E14622963EAE0002E1788 /* TaggedDirectory.swift */; };
		DC5D2667297EE93D009D3868 /* Version.swift in Sources */ = {isa = PBXBuildFile; fileRef = DC5FA2F12975032800084CB2 /* Version.swift */; };
		DC5D2668297EE93D009D3868 /* TaggedFile.swift in Sources */ = {isa = PBXBuildFile; fileRef = DC1B7BC72962299B00DEED22 /* TaggedFile.swift */; };
		DC5D2669297EE93D009D3868 /* Tag.swift in Sources */ = {isa = PBXBuildFile; fileRef = DCFA39C22965DD1C0002690A /* Tag.swift */; };
		DC5D266A297EE93D009D3868 /* TagStore.swift in Sources */ = {isa = PBXBuildFile; fileRef = DC5FA2F32975091500084CB2 /* TagStore.swift */; };
		DC5D266B297EE981009D3868 /* Utility.swift in Sources */ = {isa = PBXBuildFile; fileRef = DC09FE3A297DB5F600BD51D9 /* Utility.swift */; };
		DC5D266C297EEA83009D3868 /* XattrBridge.m in Sources */ = {isa = PBXBuildFile; fileRef = DC1B7BC42962066200DEED22 /* XattrBridge.m */; };
		DC5FA2F22975032800084CB2 /* Version.swift in Sources */ = {isa = PBXBuildFile; fileRef = DC5FA2F12975032800084CB2 /* Version.swift */; };
		DC5FA2F42975091500084CB2 /* TagStore.swift in Sources */ = {isa = PBXBuildFile; fileRef = DC5FA2F32975091500084CB2 /* TagStore.swift */; };
		DC8E14632963EAE0002E1788 /* TaggedDirectory.swift in Sources */ = {isa = PBXBuildFile; fileRef = DC8E14622963EAE0002E1788 /* TaggedDirectory.swift */; };
		DC9CCB432980ECC000A2D622 /* GraffitiGetTagsOfFile.swift in Sources */ = {isa = PBXBuildFile; fileRef = DC9CCB422980ECC000A2D622 /* GraffitiGetTagsOfFile.swift */; };
		DC9CCB452980ECE600A2D622 /* GraffitiIntentShortcuts.swift in Sources */ = {isa = PBXBuildFile; fileRef = DC9CCB442980ECE600A2D622 /* GraffitiIntentShortcuts.swift */; };
		DC9CCB472980ED4700A2D622 /* GraffitiRemoveTagsFromFile.swift in Sources */ = {isa = PBXBuildFile; fileRef = DC9CCB462980ED4700A2D622 /* GraffitiRemoveTagsFromFile.swift */; };
		DCEAB19E296A018A00843BE4 /* FileTagBackend.swift in Sources */ = {isa = PBXBuildFile; fileRef = DCEAB19D296A018A00843BE4 /* FileTagBackend.swift */; };
		DCEAB1A1296A04DE00843BE4 /* CSVFileWriter.swift in Sources */ = {isa = PBXBuildFile; fileRef = DCEAB1A0296A04DE00843BE4 /* CSVFileWriter.swift */; };
		DCEAB1A3296A056B00843BE4 /* FileWriter.swift in Sources */ = {isa = PBXBuildFile; fileRef = DCEAB1A2296A056B00843BE4 /* FileWriter.swift */; };
		DCFA39C02965DCC20002690A /* TagView.swift in Sources */ = {isa = PBXBuildFile; fileRef = DCFA39BF2965DCC20002690A /* TagView.swift */; };
		DCFA39C32965DD1C0002690A /* Tag.swift in Sources */ = {isa = PBXBuildFile; fileRef = DCFA39C22965DD1C0002690A /* Tag.swift */; };
		DCFA39C62965DD560002690A /* LazyBackend.swift in Sources */ = {isa = PBXBuildFile; fileRef = DCFA39C52965DD560002690A /* LazyBackend.swift */; };
		DCFA39C82965DD680002690A /* XattrTagBackend.swift in Sources */ = {isa = PBXBuildFile; fileRef = DCFA39C72965DD680002690A /* XattrTagBackend.swift */; };
		DCFA39CA296604740002690A /* MainView.swift in Sources */ = {isa = PBXBuildFile; fileRef = DCFA39C9296604740002690A /* MainView.swift */; };
		DCFAEC6E297AFD3400F8A80F /* Quartz.framework in Frameworks */ = {isa = PBXBuildFile; fileRef = DCFAEC6D297AFD3400F8A80F /* Quartz.framework */; };
		DCFAEC71297AFD3400F8A80F /* PreviewViewController.swift in Sources */ = {isa = PBXBuildFile; fileRef = DCFAEC70297AFD3400F8A80F /* PreviewViewController.swift */; };
		DCFAEC73297AFD3400F8A80F /* PreviewProvider.swift in Sources */ = {isa = PBXBuildFile; fileRef = DCFAEC72297AFD3400F8A80F /* PreviewProvider.swift */; };
		DCFAEC76297AFD3400F8A80F /* PreviewViewController.xib in Resources */ = {isa = PBXBuildFile; fileRef = DCFAEC74297AFD3400F8A80F /* PreviewViewController.xib */; };
		DCFAEC7B297AFD3400F8A80F /* CCTSQLPlugin.appex in Embed Foundation Extensions */ = {isa = PBXBuildFile; fileRef = DCFAEC6B297AFD3400F8A80F /* CCTSQLPlugin.appex */; settings = {ATTRIBUTES = (RemoveHeadersOnCopy, ); }; };
		DCFDE988296F4AEC005F00E9 /* JSONFileWriter.swift in Sources */ = {isa = PBXBuildFile; fileRef = DCFDE987296F4AEC005F00E9 /* JSONFileWriter.swift */; };
/* End PBXBuildFile section */

/* Begin PBXContainerItemProxy section */
		DC14E74C297DCBE8001B00AC /* PBXContainerItemProxy */ = {
			isa = PBXContainerItemProxy;
			containerPortal = DC5244812960ACB200821407 /* Project object */;
			proxyType = 1;
			remoteGlobalIDString = DC14E742297DCBE7001B00AC;
			remoteInfo = CCTSThumbnailProvider;
		};
		DC5D2653297EE699009D3868 /* PBXContainerItemProxy */ = {
			isa = PBXContainerItemProxy;
			containerPortal = DC5244812960ACB200821407 /* Project object */;
			proxyType = 1;
			remoteGlobalIDString = DC5D264A297EE699009D3868;
			remoteInfo = GraffitiTagFile;
		};
		DCFAEC79297AFD3400F8A80F /* PBXContainerItemProxy */ = {
			isa = PBXContainerItemProxy;
			containerPortal = DC5244812960ACB200821407 /* Project object */;
			proxyType = 1;
			remoteGlobalIDString = DCFAEC6A297AFD3400F8A80F;
			remoteInfo = CCTSQLPlugin;
		};
/* End PBXContainerItemProxy section */

/* Begin PBXCopyFilesBuildPhase section */
		DC5D2656297EE699009D3868 /* Embed ExtensionKit Extensions */ = {
			isa = PBXCopyFilesBuildPhase;
			buildActionMask = 2147483647;
			dstPath = "$(EXTENSIONS_FOLDER_PATH)";
			dstSubfolderSpec = 16;
			files = (
				DC5D2655297EE699009D3868 /* GraffitiTagFile.appex in Embed ExtensionKit Extensions */,
			);
			name = "Embed ExtensionKit Extensions";
			runOnlyForDeploymentPostprocessing = 0;
		};
		DCFAEC7C297AFD3400F8A80F /* Embed Foundation Extensions */ = {
			isa = PBXCopyFilesBuildPhase;
			buildActionMask = 2147483647;
			dstPath = "";
			dstSubfolderSpec = 13;
			files = (
				DCFAEC7B297AFD3400F8A80F /* CCTSQLPlugin.appex in Embed Foundation Extensions */,
				DC14E74E297DCBE8001B00AC /* CCTSThumbnailProvider.appex in Embed Foundation Extensions */,
			);
			name = "Embed Foundation Extensions";
			runOnlyForDeploymentPostprocessing = 0;
		};
/* End PBXCopyFilesBuildPhase section */

/* Begin PBXFileReference section */
		DC0301EA29737CD500097EBF /* Info.plist */ = {isa = PBXFileReference; lastKnownFileType = text.plist; path = Info.plist; sourceTree = "<group>"; };
		DC09FE3A297DB5F600BD51D9 /* Utility.swift */ = {isa = PBXFileReference; lastKnownFileType = sourcecode.swift; path = Utility.swift; sourceTree = "<group>"; };
		DC14E743297DCBE7001B00AC /* CCTSThumbnailProvider.appex */ = {isa = PBXFileReference; explicitFileType = "wrapper.app-extension"; includeInIndex = 0; path = CCTSThumbnailProvider.appex; sourceTree = BUILT_PRODUCTS_DIR; };
		DC14E744297DCBE7001B00AC /* QuickLookThumbnailing.framework */ = {isa = PBXFileReference; lastKnownFileType = wrapper.framework; name = QuickLookThumbnailing.framework; path = System/Library/Frameworks/QuickLookThumbnailing.framework; sourceTree = SDKROOT; };
		DC14E748297DCBE8001B00AC /* ThumbnailProvider.swift */ = {isa = PBXFileReference; lastKnownFileType = sourcecode.swift; path = ThumbnailProvider.swift; sourceTree = "<group>"; };
		DC14E74A297DCBE8001B00AC /* Info.plist */ = {isa = PBXFileReference; lastKnownFileType = text.plist.xml; path = Info.plist; sourceTree = "<group>"; };
		DC14E74B297DCBE8001B00AC /* CCTSThumbnailProvider.entitlements */ = {isa = PBXFileReference; lastKnownFileType = text.plist.entitlements; path = CCTSThumbnailProvider.entitlements; sourceTree = "<group>"; };
		DC1B7BC32962066200DEED22 /* XattrBridge.h */ = {isa = PBXFileReference; lastKnownFileType = sourcecode.c.h; path = XattrBridge.h; sourceTree = "<group>"; };
		DC1B7BC42962066200DEED22 /* XattrBridge.m */ = {isa = PBXFileReference; lastKnownFileType = sourcecode.c.objc; path = XattrBridge.m; sourceTree = "<group>"; };
		DC1B7BC6296209D200DEED22 /* Graffiti-Bridging-Header.h */ = {isa = PBXFileReference; lastKnownFileType = sourcecode.c.h; path = "Graffiti-Bridging-Header.h"; sourceTree = "<group>"; };
		DC1B7BC72962299B00DEED22 /* TaggedFile.swift */ = {isa = PBXFileReference; lastKnownFileType = sourcecode.swift; path = TaggedFile.swift; sourceTree = "<group>"; };
		DC1B7BC9296229C600DEED22 /* TagBackend.swift */ = {isa = PBXFileReference; lastKnownFileType = sourcecode.swift; path = TagBackend.swift; sourceTree = "<group>"; };
		DC21D4D22979ED900024E644 /* CompressedCustomTagStoreWriter.swift */ = {isa = PBXFileReference; lastKnownFileType = sourcecode.swift; path = CompressedCustomTagStoreWriter.swift; sourceTree = "<group>"; };
		DC2809B12967722F003915A5 /* FilesEditingInspectorView.swift */ = {isa = PBXFileReference; lastKnownFileType = sourcecode.swift; path = FilesEditingInspectorView.swift; sourceTree = "<group>"; };
		DC2E803B296A40450015AE26 /* PropertyListFileWriter.swift */ = {isa = PBXFileReference; lastKnownFileType = sourcecode.swift; path = PropertyListFileWriter.swift; sourceTree = "<group>"; };
		DC341E2329814D3F003B5153 /* ConvertView.swift */ = {isa = PBXFileReference; lastKnownFileType = sourcecode.swift; path = ConvertView.swift; sourceTree = "<group>"; };
		DC341E2529814D8F003B5153 /* FormatSelector.swift */ = {isa = PBXFileReference; lastKnownFileType = sourcecode.swift; path = FormatSelector.swift; sourceTree = "<group>"; };
		DC5244892960ACB200821407 /* Graffiti.app */ = {isa = PBXFileReference; explicitFileType = wrapper.application; includeInIndex = 0; path = Graffiti.app; sourceTree = BUILT_PRODUCTS_DIR; };
		DC52448C2960ACB200821407 /* GraffitiApp.swift */ = {isa = PBXFileReference; lastKnownFileType = sourcecode.swift; path = GraffitiApp.swift; sourceTree = "<group>"; };
		DC52448E2960ACB200821407 /* ContentView.swift */ = {isa = PBXFileReference; lastKnownFileType = sourcecode.swift; path = ContentView.swift; sourceTree = "<group>"; };
		DC5244902960ACB300821407 /* Assets.xcassets */ = {isa = PBXFileReference; lastKnownFileType = folder.assetcatalog; path = Assets.xcassets; sourceTree = "<group>"; };
		DC5244932960ACB300821407 /* Preview Assets.xcassets */ = {isa = PBXFileReference; lastKnownFileType = folder.assetcatalog; path = "Preview Assets.xcassets"; sourceTree = "<group>"; };
		DC5244952960ACB300821407 /* Graffiti.entitlements */ = {isa = PBXFileReference; lastKnownFileType = text.plist.entitlements; path = Graffiti.entitlements; sourceTree = "<group>"; };
		DC5D264B297EE699009D3868 /* GraffitiTagFile.appex */ = {isa = PBXFileReference; explicitFileType = "wrapper.extensionkit-extension"; includeInIndex = 0; path = GraffitiTagFile.appex; sourceTree = BUILT_PRODUCTS_DIR; };
		DC5D264D297EE699009D3868 /* GraffitiTagFileExtension.swift */ = {isa = PBXFileReference; lastKnownFileType = sourcecode.swift; path = GraffitiTagFileExtension.swift; sourceTree = "<group>"; };
		DC5D264F297EE699009D3868 /* GraffitiAddTagsToFile.swift */ = {isa = PBXFileReference; lastKnownFileType = sourcecode.swift; path = GraffitiAddTagsToFile.swift; sourceTree = "<group>"; };
		DC5D2651297EE699009D3868 /* Info.plist */ = {isa = PBXFileReference; lastKnownFileType = text.plist.xml; path = Info.plist; sourceTree = "<group>"; };
		DC5D2652297EE699009D3868 /* GraffitiTagFile.entitlements */ = {isa = PBXFileReference; lastKnownFileType = text.plist.entitlements; path = GraffitiTagFile.entitlements; sourceTree = "<group>"; };
		DC5D265A297EE79F009D3868 /* Format.swift */ = {isa = PBXFileReference; lastKnownFileType = sourcecode.swift; path = Format.swift; sourceTree = "<group>"; };
		DC5FA2F12975032800084CB2 /* Version.swift */ = {isa = PBXFileReference; lastKnownFileType = sourcecode.swift; path = Version.swift; sourceTree = "<group>"; };
		DC5FA2F32975091500084CB2 /* TagStore.swift */ = {isa = PBXFileReference; lastKnownFileType = sourcecode.swift; path = TagStore.swift; sourceTree = "<group>"; };
		DC8E14622963EAE0002E1788 /* TaggedDirectory.swift */ = {isa = PBXFileReference; lastKnownFileType = sourcecode.swift; path = TaggedDirectory.swift; sourceTree = "<group>"; };
		DC9CCB422980ECC000A2D622 /* GraffitiGetTagsOfFile.swift */ = {isa = PBXFileReference; lastKnownFileType = sourcecode.swift; path = GraffitiGetTagsOfFile.swift; sourceTree = "<group>"; };
		DC9CCB442980ECE600A2D622 /* GraffitiIntentShortcuts.swift */ = {isa = PBXFileReference; lastKnownFileType = sourcecode.swift; path = GraffitiIntentShortcuts.swift; sourceTree = "<group>"; };
		DC9CCB462980ED4700A2D622 /* GraffitiRemoveTagsFromFile.swift */ = {isa = PBXFileReference; lastKnownFileType = sourcecode.swift; path = GraffitiRemoveTagsFromFile.swift; sourceTree = "<group>"; };
		DCEAB19D296A018A00843BE4 /* FileTagBackend.swift */ = {isa = PBXFileReference; lastKnownFileType = sourcecode.swift; path = FileTagBackend.swift; sourceTree = "<group>"; };
		DCEAB1A0296A04DE00843BE4 /* CSVFileWriter.swift */ = {isa = PBXFileReference; lastKnownFileType = sourcecode.swift; path = CSVFileWriter.swift; sourceTree = "<group>"; };
		DCEAB1A2296A056B00843BE4 /* FileWriter.swift */ = {isa = PBXFileReference; lastKnownFileType = sourcecode.swift; path = FileWriter.swift; sourceTree = "<group>"; };
		DCFA39BF2965DCC20002690A /* TagView.swift */ = {isa = PBXFileReference; lastKnownFileType = sourcecode.swift; path = TagView.swift; sourceTree = "<group>"; };
		DCFA39C22965DD1C0002690A /* Tag.swift */ = {isa = PBXFileReference; lastKnownFileType = sourcecode.swift; path = Tag.swift; sourceTree = "<group>"; };
		DCFA39C52965DD560002690A /* LazyBackend.swift */ = {isa = PBXFileReference; lastKnownFileType = sourcecode.swift; path = LazyBackend.swift; sourceTree = "<group>"; };
		DCFA39C72965DD680002690A /* XattrTagBackend.swift */ = {isa = PBXFileReference; lastKnownFileType = sourcecode.swift; path = XattrTagBackend.swift; sourceTree = "<group>"; };
		DCFA39C9296604740002690A /* MainView.swift */ = {isa = PBXFileReference; lastKnownFileType = sourcecode.swift; path = MainView.swift; sourceTree = "<group>"; };
		DCFAEC6B297AFD3400F8A80F /* CCTSQLPlugin.appex */ = {isa = PBXFileReference; explicitFileType = "wrapper.app-extension"; includeInIndex = 0; path = CCTSQLPlugin.appex; sourceTree = BUILT_PRODUCTS_DIR; };
		DCFAEC6D297AFD3400F8A80F /* Quartz.framework */ = {isa = PBXFileReference; lastKnownFileType = wrapper.framework; name = Quartz.framework; path = System/Library/Frameworks/Quartz.framework; sourceTree = SDKROOT; };
		DCFAEC70297AFD3400F8A80F /* PreviewViewController.swift */ = {isa = PBXFileReference; lastKnownFileType = sourcecode.swift; path = PreviewViewController.swift; sourceTree = "<group>"; };
		DCFAEC72297AFD3400F8A80F /* PreviewProvider.swift */ = {isa = PBXFileReference; lastKnownFileType = sourcecode.swift; path = PreviewProvider.swift; sourceTree = "<group>"; };
		DCFAEC75297AFD3400F8A80F /* Base */ = {isa = PBXFileReference; lastKnownFileType = file.xib; name = Base; path = Base.lproj/PreviewViewController.xib; sourceTree = "<group>"; };
		DCFAEC77297AFD3400F8A80F /* Info.plist */ = {isa = PBXFileReference; lastKnownFileType = text.plist.xml; path = Info.plist; sourceTree = "<group>"; };
		DCFAEC78297AFD3400F8A80F /* CCTSQLPlugin.entitlements */ = {isa = PBXFileReference; lastKnownFileType = text.plist.entitlements; path = CCTSQLPlugin.entitlements; sourceTree = "<group>"; };
		DCFDE987296F4AEC005F00E9 /* JSONFileWriter.swift */ = {isa = PBXFileReference; lastKnownFileType = sourcecode.swift; path = JSONFileWriter.swift; sourceTree = "<group>"; };
/* End PBXFileReference section */

/* Begin PBXFrameworksBuildPhase section */
		DC14E740297DCBE7001B00AC /* Frameworks */ = {
			isa = PBXFrameworksBuildPhase;
			buildActionMask = 2147483647;
			files = (
				DC14E745297DCBE8001B00AC /* QuickLookThumbnailing.framework in Frameworks */,
				DC14E746297DCBE8001B00AC /* Quartz.framework in Frameworks */,
			);
			runOnlyForDeploymentPostprocessing = 0;
		};
		DC5244862960ACB200821407 /* Frameworks */ = {
			isa = PBXFrameworksBuildPhase;
			buildActionMask = 2147483647;
			files = (
			);
			runOnlyForDeploymentPostprocessing = 0;
		};
		DC5D2648297EE699009D3868 /* Frameworks */ = {
			isa = PBXFrameworksBuildPhase;
			buildActionMask = 2147483647;
			files = (
			);
			runOnlyForDeploymentPostprocessing = 0;
		};
		DCFAEC68297AFD3400F8A80F /* Frameworks */ = {
			isa = PBXFrameworksBuildPhase;
			buildActionMask = 2147483647;
			files = (
				DCFAEC6E297AFD3400F8A80F /* Quartz.framework in Frameworks */,
			);
			runOnlyForDeploymentPostprocessing = 0;
		};
/* End PBXFrameworksBuildPhase section */

/* Begin PBXGroup section */
		DC14E747297DCBE8001B00AC /* CCTSThumbnailProvider */ = {
			isa = PBXGroup;
			children = (
				DC14E748297DCBE8001B00AC /* ThumbnailProvider.swift */,
				DC14E74A297DCBE8001B00AC /* Info.plist */,
				DC14E74B297DCBE8001B00AC /* CCTSThumbnailProvider.entitlements */,
			);
			path = CCTSThumbnailProvider;
			sourceTree = "<group>";
		};
		DC5244802960ACB200821407 = {
			isa = PBXGroup;
			children = (
				DC52448B2960ACB200821407 /* Graffiti */,
				DCFAEC6F297AFD3400F8A80F /* CCTSQLPlugin */,
				DC14E747297DCBE8001B00AC /* CCTSThumbnailProvider */,
				DC5D264C297EE699009D3868 /* GraffitiTagFile */,
				DCFAEC6C297AFD3400F8A80F /* Frameworks */,
				DC52448A2960ACB200821407 /* Products */,
			);
			sourceTree = "<group>";
		};
		DC52448A2960ACB200821407 /* Products */ = {
			isa = PBXGroup;
			children = (
				DC5244892960ACB200821407 /* Graffiti.app */,
				DCFAEC6B297AFD3400F8A80F /* CCTSQLPlugin.appex */,
				DC14E743297DCBE7001B00AC /* CCTSThumbnailProvider.appex */,
				DC5D264B297EE699009D3868 /* GraffitiTagFile.appex */,
			);
			name = Products;
			sourceTree = "<group>";
		};
		DC52448B2960ACB200821407 /* Graffiti */ = {
			isa = PBXGroup;
			children = (
				DC0301EA29737CD500097EBF /* Info.plist */,
				DCFA39C42965DD400002690A /* Controllers */,
				DCFA39C12965DD090002690A /* Models */,
				DC1B7BC32962066200DEED22 /* XattrBridge.h */,
				DC1B7BC6296209D200DEED22 /* Graffiti-Bridging-Header.h */,
				DC1B7BC42962066200DEED22 /* XattrBridge.m */,
				DC52448C2960ACB200821407 /* GraffitiApp.swift */,
				DCE8E1582967D45F002D0A05 /* Views */,
				DC5244902960ACB300821407 /* Assets.xcassets */,
				DC5244952960ACB300821407 /* Graffiti.entitlements */,
				DC5244922960ACB300821407 /* Preview Content */,
				DC09FE3A297DB5F600BD51D9 /* Utility.swift */,
			);
			path = Graffiti;
			sourceTree = "<group>";
		};
		DC5244922960ACB300821407 /* Preview Content */ = {
			isa = PBXGroup;
			children = (
				DC5244932960ACB300821407 /* Preview Assets.xcassets */,
			);
			path = "Preview Content";
			sourceTree = "<group>";
		};
		DC5D264C297EE699009D3868 /* GraffitiTagFile */ = {
			isa = PBXGroup;
			children = (
				DC5D264D297EE699009D3868 /* GraffitiTagFileExtension.swift */,
				DC5D264F297EE699009D3868 /* GraffitiAddTagsToFile.swift */,
				DC9CCB462980ED4700A2D622 /* GraffitiRemoveTagsFromFile.swift */,
				DC9CCB422980ECC000A2D622 /* GraffitiGetTagsOfFile.swift */,
				DC9CCB442980ECE600A2D622 /* GraffitiIntentShortcuts.swift */,
				DC5D2651297EE699009D3868 /* Info.plist */,
				DC5D2652297EE699009D3868 /* GraffitiTagFile.entitlements */,
			);
			path = GraffitiTagFile;
			sourceTree = "<group>";
		};
		DCE8E1582967D45F002D0A05 /* Views */ = {
			isa = PBXGroup;
			children = (
				DC52448E2960ACB200821407 /* ContentView.swift */,
				DCFA39C9296604740002690A /* MainView.swift */,
				DCFA39BF2965DCC20002690A /* TagView.swift */,
				DC2809B12967722F003915A5 /* FilesEditingInspectorView.swift */,
				DC341E2329814D3F003B5153 /* ConvertView.swift */,
				DC341E2529814D8F003B5153 /* FormatSelector.swift */,
			);
			path = Views;
			sourceTree = "<group>";
		};
		DCEAB19F296A04D100843BE4 /* FileWriters */ = {
			isa = PBXGroup;
			children = (
				DCEAB1A0296A04DE00843BE4 /* CSVFileWriter.swift */,
				DCEAB1A2296A056B00843BE4 /* FileWriter.swift */,
				DC2E803B296A40450015AE26 /* PropertyListFileWriter.swift */,
				DCFDE987296F4AEC005F00E9 /* JSONFileWriter.swift */,
				DC21D4D22979ED900024E644 /* CompressedCustomTagStoreWriter.swift */,
			);
			path = FileWriters;
			sourceTree = "<group>";
		};
		DCFA39C12965DD090002690A /* Models */ = {
			isa = PBXGroup;
			children = (
				DC1B7BC72962299B00DEED22 /* TaggedFile.swift */,
				DCFA39C22965DD1C0002690A /* Tag.swift */,
				DC8E14622963EAE0002E1788 /* TaggedDirectory.swift */,
				DC5FA2F12975032800084CB2 /* Version.swift */,
				DC5FA2F32975091500084CB2 /* TagStore.swift */,
				DC5D265A297EE79F009D3868 /* Format.swift */,
			);
			path = Models;
			sourceTree = "<group>";
		};
		DCFA39C42965DD400002690A /* Controllers */ = {
			isa = PBXGroup;
			children = (
				DCEAB19F296A04D100843BE4 /* FileWriters */,
				DC1B7BC9296229C600DEED22 /* TagBackend.swift */,
				DCEAB19D296A018A00843BE4 /* FileTagBackend.swift */,
				DCFA39C52965DD560002690A /* LazyBackend.swift */,
				DCFA39C72965DD680002690A /* XattrTagBackend.swift */,
			);
			path = Controllers;
			sourceTree = "<group>";
		};
		DCFAEC6C297AFD3400F8A80F /* Frameworks */ = {
			isa = PBXGroup;
			children = (
				DCFAEC6D297AFD3400F8A80F /* Quartz.framework */,
				DC14E744297DCBE7001B00AC /* QuickLookThumbnailing.framework */,
			);
			name = Frameworks;
			sourceTree = "<group>";
		};
		DCFAEC6F297AFD3400F8A80F /* CCTSQLPlugin */ = {
			isa = PBXGroup;
			children = (
				DCFAEC70297AFD3400F8A80F /* PreviewViewController.swift */,
				DCFAEC72297AFD3400F8A80F /* PreviewProvider.swift */,
				DCFAEC74297AFD3400F8A80F /* PreviewViewController.xib */,
				DCFAEC77297AFD3400F8A80F /* Info.plist */,
				DCFAEC78297AFD3400F8A80F /* CCTSQLPlugin.entitlements */,
			);
			path = CCTSQLPlugin;
			sourceTree = "<group>";
		};
/* End PBXGroup section */

/* Begin PBXNativeTarget section */
		DC14E742297DCBE7001B00AC /* CCTSThumbnailProvider */ = {
			isa = PBXNativeTarget;
			buildConfigurationList = DC14E74F297DCBE8001B00AC /* Build configuration list for PBXNativeTarget "CCTSThumbnailProvider" */;
			buildPhases = (
				DC14E73F297DCBE7001B00AC /* Sources */,
				DC14E740297DCBE7001B00AC /* Frameworks */,
				DC14E741297DCBE7001B00AC /* Resources */,
			);
			buildRules = (
			);
			dependencies = (
			);
			name = CCTSThumbnailProvider;
			productName = CCTSThumbnailProvider;
			productReference = DC14E743297DCBE7001B00AC /* CCTSThumbnailProvider.appex */;
			productType = "com.apple.product-type.app-extension";
		};
		DC5244882960ACB200821407 /* Graffiti */ = {
			isa = PBXNativeTarget;
			buildConfigurationList = DC5244982960ACB300821407 /* Build configuration list for PBXNativeTarget "Graffiti" */;
			buildPhases = (
				DC5244852960ACB200821407 /* Sources */,
				DC5244862960ACB200821407 /* Frameworks */,
				DC5244872960ACB200821407 /* Resources */,
				DCFAEC7C297AFD3400F8A80F /* Embed Foundation Extensions */,
				DC5D2656297EE699009D3868 /* Embed ExtensionKit Extensions */,
			);
			buildRules = (
			);
			dependencies = (
				DCFAEC7A297AFD3400F8A80F /* PBXTargetDependency */,
				DC14E74D297DCBE8001B00AC /* PBXTargetDependency */,
				DC5D2654297EE699009D3868 /* PBXTargetDependency */,
			);
			name = Graffiti;
			productName = Graffiti;
			productReference = DC5244892960ACB200821407 /* Graffiti.app */;
			productType = "com.apple.product-type.application";
		};
		DC5D264A297EE699009D3868 /* GraffitiTagFile */ = {
			isa = PBXNativeTarget;
			buildConfigurationList = DC5D2659297EE699009D3868 /* Build configuration list for PBXNativeTarget "GraffitiTagFile" */;
			buildPhases = (
				DC5D2647297EE699009D3868 /* Sources */,
				DC5D2648297EE699009D3868 /* Frameworks */,
				DC5D2649297EE699009D3868 /* Resources */,
			);
			buildRules = (
			);
			dependencies = (
			);
			name = GraffitiTagFile;
			productName = GraffitiTagFile;
			productReference = DC5D264B297EE699009D3868 /* GraffitiTagFile.appex */;
			productType = "com.apple.product-type.extensionkit-extension";
		};
		DCFAEC6A297AFD3400F8A80F /* CCTSQLPlugin */ = {
			isa = PBXNativeTarget;
			buildConfigurationList = DCFAEC7F297AFD3400F8A80F /* Build configuration list for PBXNativeTarget "CCTSQLPlugin" */;
			buildPhases = (
				DCFAEC67297AFD3400F8A80F /* Sources */,
				DCFAEC68297AFD3400F8A80F /* Frameworks */,
				DCFAEC69297AFD3400F8A80F /* Resources */,
			);
			buildRules = (
			);
			dependencies = (
			);
			name = CCTSQLPlugin;
			productName = CCTSQLPlugin;
			productReference = DCFAEC6B297AFD3400F8A80F /* CCTSQLPlugin.appex */;
			productType = "com.apple.product-type.app-extension";
		};
/* End PBXNativeTarget section */

/* Begin PBXProject section */
		DC5244812960ACB200821407 /* Project object */ = {
			isa = PBXProject;
			attributes = {
				BuildIndependentTargetsInParallel = 1;
				LastSwiftUpdateCheck = 1420;
				LastUpgradeCheck = 1420;
				TargetAttributes = {
					DC14E742297DCBE7001B00AC = {
						CreatedOnToolsVersion = 14.2;
					};
					DC5244882960ACB200821407 = {
						CreatedOnToolsVersion = 14.2;
						LastSwiftMigration = 1420;
					};
					DC5D264A297EE699009D3868 = {
						CreatedOnToolsVersion = 14.2;
					};
					DCFAEC6A297AFD3400F8A80F = {
						CreatedOnToolsVersion = 14.2;
					};
				};
			};
			buildConfigurationList = DC5244842960ACB200821407 /* Build configuration list for PBXProject "Graffiti" */;
			compatibilityVersion = "Xcode 14.0";
			developmentRegion = en;
			hasScannedForEncodings = 0;
			knownRegions = (
				en,
				Base,
			);
			mainGroup = DC5244802960ACB200821407;
			productRefGroup = DC52448A2960ACB200821407 /* Products */;
			projectDirPath = "";
			projectRoot = "";
			targets = (
				DC5244882960ACB200821407 /* Graffiti */,
				DCFAEC6A297AFD3400F8A80F /* CCTSQLPlugin */,
				DC14E742297DCBE7001B00AC /* CCTSThumbnailProvider */,
				DC5D264A297EE699009D3868 /* GraffitiTagFile */,
			);
		};
/* End PBXProject section */

/* Begin PBXResourcesBuildPhase section */
		DC14E741297DCBE7001B00AC /* Resources */ = {
			isa = PBXResourcesBuildPhase;
			buildActionMask = 2147483647;
			files = (
			);
			runOnlyForDeploymentPostprocessing = 0;
		};
		DC5244872960ACB200821407 /* Resources */ = {
			isa = PBXResourcesBuildPhase;
			buildActionMask = 2147483647;
			files = (
				DC5244942960ACB300821407 /* Preview Assets.xcassets in Resources */,
				DC5244912960ACB300821407 /* Assets.xcassets in Resources */,
			);
			runOnlyForDeploymentPostprocessing = 0;
		};
		DC5D2649297EE699009D3868 /* Resources */ = {
			isa = PBXResourcesBuildPhase;
			buildActionMask = 2147483647;
			files = (
			);
			runOnlyForDeploymentPostprocessing = 0;
		};
		DCFAEC69297AFD3400F8A80F /* Resources */ = {
			isa = PBXResourcesBuildPhase;
			buildActionMask = 2147483647;
			files = (
				DCFAEC76297AFD3400F8A80F /* PreviewViewController.xib in Resources */,
			);
			runOnlyForDeploymentPostprocessing = 0;
		};
/* End PBXResourcesBuildPhase section */

/* Begin PBXSourcesBuildPhase section */
		DC14E73F297DCBE7001B00AC /* Sources */ = {
			isa = PBXSourcesBuildPhase;
			buildActionMask = 2147483647;
			files = (
				DC4E79AD297DF3AC003AEE68 /* XattrBridge.m in Sources */,
				DC4E79AB297DF2E3003AEE68 /* CSVFileWriter.swift in Sources */,
				DC4E79A8297DF2E3003AEE68 /* FileWriter.swift in Sources */,
				DC4E799E297DF2E3003AEE68 /* Tag.swift in Sources */,
				DC4E79A1297DF2E3003AEE68 /* JSONFileWriter.swift in Sources */,
				DC14E749297DCBE8001B00AC /* ThumbnailProvider.swift in Sources */,
				DC4E79A7297DF2E3003AEE68 /* CompressedCustomTagStoreWriter.swift in Sources */,
				DC4E799F297DF2E3003AEE68 /* LazyBackend.swift in Sources */,
				DC4E79A9297DF2E3003AEE68 /* TagBackend.swift in Sources */,
				DC4E79A5297DF2E3003AEE68 /* FileTagBackend.swift in Sources */,
				DC4E79A0297DF2E3003AEE68 /* TaggedFile.swift in Sources */,
				DC4E79AA297DF2E3003AEE68 /* PropertyListFileWriter.swift in Sources */,
				DC4E79A6297DF2E3003AEE68 /* Version.swift in Sources */,
				DC4E79AC297DF372003AEE68 /* Utility.swift in Sources */,
				DC4E79A2297DF2E3003AEE68 /* TaggedDirectory.swift in Sources */,
				DC4E79A3297DF2E3003AEE68 /* TagStore.swift in Sources */,
				DC4E79A4297DF2E3003AEE68 /* XattrTagBackend.swift in Sources */,
				DC4E79AE297E071C003AEE68 /* PreviewViewController.swift in Sources */,
			);
			runOnlyForDeploymentPostprocessing = 0;
		};
		DC5244852960ACB200821407 /* Sources */ = {
			isa = PBXSourcesBuildPhase;
			buildActionMask = 2147483647;
			files = (
				DC5D265B297EE79F009D3868 /* Format.swift in Sources */,
				DC341E2629814D8F003B5153 /* FormatSelector.swift in Sources */,
				DCFA39C32965DD1C0002690A /* Tag.swift in Sources */,
				DC1B7BC52962066200DEED22 /* XattrBridge.m in Sources */,
				DC1B7BCA296229C600DEED22 /* TagBackend.swift in Sources */,
				DC52448F2960ACB200821407 /* ContentView.swift in Sources */,
				DC52448D2960ACB200821407 /* GraffitiApp.swift in Sources */,
				DCFA39C62965DD560002690A /* LazyBackend.swift in Sources */,
				DC2E803C296A40450015AE26 /* PropertyListFileWriter.swift in Sources */,
				DCEAB19E296A018A00843BE4 /* FileTagBackend.swift in Sources */,
				DCFA39C82965DD680002690A /* XattrTagBackend.swift in Sources */,
				DC5FA2F42975091500084CB2 /* TagStore.swift in Sources */,
				DC2809B22967722F003915A5 /* FilesEditingInspectorView.swift in Sources */,
				DC5FA2F22975032800084CB2 /* Version.swift in Sources */,
				DCFDE988296F4AEC005F00E9 /* JSONFileWriter.swift in Sources */,
				DCFA39CA296604740002690A /* MainView.swift in Sources */,
				DC09FE3B297DB5F600BD51D9 /* Utility.swift in Sources */,
				DC21D4D32979ED910024E644 /* CompressedCustomTagStoreWriter.swift in Sources */,
				DC341E2429814D3F003B5153 /* ConvertView.swift in Sources */,
				DCFA39C02965DCC20002690A /* TagView.swift in Sources */,
				DC1B7BC82962299B00DEED22 /* TaggedFile.swift in Sources */,
				DCEAB1A3296A056B00843BE4 /* FileWriter.swift in Sources */,
				DC8E14632963EAE0002E1788 /* TaggedDirectory.swift in Sources */,
				DCEAB1A1296A04DE00843BE4 /* CSVFileWriter.swift in Sources */,
			);
			runOnlyForDeploymentPostprocessing = 0;
		};
		DC5D2647297EE699009D3868 /* Sources */ = {
			isa = PBXSourcesBuildPhase;
			buildActionMask = 2147483647;
			files = (
				DC5D2669297EE93D009D3868 /* Tag.swift in Sources */,
				DC5D2650297EE699009D3868 /* GraffitiAddTagsToFile.swift in Sources */,
				DC5D266B297EE981009D3868 /* Utility.swift in Sources */,
				DC5D265D297EE8D2009D3868 /* CompressedCustomTagStoreWriter.swift in Sources */,
				DC5D2664297EE8D2009D3868 /* FileTagBackend.swift in Sources */,
				DC5D2663297EE8D2009D3868 /* FileWriter.swift in Sources */,
				DC5D2667297EE93D009D3868 /* Version.swift in Sources */,
				DC5D266A297EE93D009D3868 /* TagStore.swift in Sources */,
				DC5D264E297EE699009D3868 /* GraffitiTagFileExtension.swift in Sources */,
				DC9CCB452980ECE600A2D622 /* GraffitiIntentShortcuts.swift in Sources */,
				DC5D265F297EE8D2009D3868 /* TagBackend.swift in Sources */,
				DC5D265E297EE8D2009D3868 /* LazyBackend.swift in Sources */,
				DC5D2665297EE8D2009D3868 /* XattrTagBackend.swift in Sources */,
				DC5D2662297EE8D2009D3868 /* PropertyListFileWriter.swift in Sources */,
				DC5D2668297EE93D009D3868 /* TaggedFile.swift in Sources */,
				DC9CCB432980ECC000A2D622 /* GraffitiGetTagsOfFile.swift in Sources */,
				DC5D265C297EE7B5009D3868 /* Format.swift in Sources */,
				DC5D2661297EE8D2009D3868 /* JSONFileWriter.swift in Sources */,
				DC5D266C297EEA83009D3868 /* XattrBridge.m in Sources */,
				DC5D2660297EE8D2009D3868 /* CSVFileWriter.swift in Sources */,
				DC9CCB472980ED4700A2D622 /* GraffitiRemoveTagsFromFile.swift in Sources */,
				DC5D2666297EE93D009D3868 /* TaggedDirectory.swift in Sources */,
			);
			runOnlyForDeploymentPostprocessing = 0;
		};
		DCFAEC67297AFD3400F8A80F /* Sources */ = {
			isa = PBXSourcesBuildPhase;
			buildActionMask = 2147483647;
			files = (
				DC09FE41297DB66700BD51D9 /* LazyBackend.swift in Sources */,
				DC09FE42297DB66700BD51D9 /* TaggedDirectory.swift in Sources */,
				DC09FE40297DB64000BD51D9 /* XattrBridge.m in Sources */,
				DC09FE3F297DB63600BD51D9 /* XattrTagBackend.swift in Sources */,
				DC09FE3E297DB62E00BD51D9 /* TagBackend.swift in Sources */,
				DC09FE3D297DB60E00BD51D9 /* FileTagBackend.swift in Sources */,
				DC09FE36297DB41E00BD51D9 /* TaggedFile.swift in Sources */,
				DC09FE37297DB41E00BD51D9 /* Tag.swift in Sources */,
				DC09FE38297DB41E00BD51D9 /* Version.swift in Sources */,
				DC09FE39297DB41E00BD51D9 /* TagStore.swift in Sources */,
				DC09FE31297DB3E400BD51D9 /* CSVFileWriter.swift in Sources */,
				DC09FE32297DB3E400BD51D9 /* FileWriter.swift in Sources */,
				DC09FE33297DB3E400BD51D9 /* PropertyListFileWriter.swift in Sources */,
				DC09FE3C297DB5F600BD51D9 /* Utility.swift in Sources */,
				DC09FE34297DB3E400BD51D9 /* JSONFileWriter.swift in Sources */,
				DC09FE35297DB3E400BD51D9 /* CompressedCustomTagStoreWriter.swift in Sources */,
				DCFAEC71297AFD3400F8A80F /* PreviewViewController.swift in Sources */,
				DCFAEC73297AFD3400F8A80F /* PreviewProvider.swift in Sources */,
			);
			runOnlyForDeploymentPostprocessing = 0;
		};
/* End PBXSourcesBuildPhase section */

/* Begin PBXTargetDependency section */
		DC14E74D297DCBE8001B00AC /* PBXTargetDependency */ = {
			isa = PBXTargetDependency;
			target = DC14E742297DCBE7001B00AC /* CCTSThumbnailProvider */;
			targetProxy = DC14E74C297DCBE8001B00AC /* PBXContainerItemProxy */;
		};
		DC5D2654297EE699009D3868 /* PBXTargetDependency */ = {
			isa = PBXTargetDependency;
			target = DC5D264A297EE699009D3868 /* GraffitiTagFile */;
			targetProxy = DC5D2653297EE699009D3868 /* PBXContainerItemProxy */;
		};
		DCFAEC7A297AFD3400F8A80F /* PBXTargetDependency */ = {
			isa = PBXTargetDependency;
			target = DCFAEC6A297AFD3400F8A80F /* CCTSQLPlugin */;
			targetProxy = DCFAEC79297AFD3400F8A80F /* PBXContainerItemProxy */;
		};
/* End PBXTargetDependency section */

/* Begin PBXVariantGroup section */
		DCFAEC74297AFD3400F8A80F /* PreviewViewController.xib */ = {
			isa = PBXVariantGroup;
			children = (
				DCFAEC75297AFD3400F8A80F /* Base */,
			);
			name = PreviewViewController.xib;
			sourceTree = "<group>";
		};
/* End PBXVariantGroup section */

/* Begin XCBuildConfiguration section */
		DC14E750297DCBE8001B00AC /* Debug */ = {
			isa = XCBuildConfiguration;
			buildSettings = {
				CODE_SIGN_ENTITLEMENTS = CCTSThumbnailProvider/CCTSThumbnailProvider.entitlements;
				CODE_SIGN_STYLE = Automatic;
				CURRENT_PROJECT_VERSION = 1;
				DEVELOPMENT_TEAM = 9KTV75G5K9;
				ENABLE_HARDENED_RUNTIME = YES;
				GENERATE_INFOPLIST_FILE = YES;
				INFOPLIST_FILE = CCTSThumbnailProvider/Info.plist;
				INFOPLIST_KEY_CFBundleDisplayName = CCTSThumbnailProvider;
				INFOPLIST_KEY_NSHumanReadableCopyright = "";
				LD_RUNPATH_SEARCH_PATHS = (
					"$(inherited)",
					"@executable_path/../Frameworks",
					"@executable_path/../../../../Frameworks",
				);
				MACOSX_DEPLOYMENT_TARGET = 13.1;
				MARKETING_VERSION = 1.0;
				PRODUCT_BUNDLE_IDENTIFIER = com.tom.Graffiti.CCTSThumbnailProvider;
				PRODUCT_NAME = "$(TARGET_NAME)";
				SKIP_INSTALL = YES;
				SWIFT_EMIT_LOC_STRINGS = YES;
				SWIFT_VERSION = 5.0;
			};
			name = Debug;
		};
		DC14E751297DCBE8001B00AC /* Release */ = {
			isa = XCBuildConfiguration;
			buildSettings = {
				CODE_SIGN_ENTITLEMENTS = CCTSThumbnailProvider/CCTSThumbnailProvider.entitlements;
				CODE_SIGN_STYLE = Automatic;
				CURRENT_PROJECT_VERSION = 1;
				DEVELOPMENT_TEAM = 9KTV75G5K9;
				ENABLE_HARDENED_RUNTIME = YES;
				GENERATE_INFOPLIST_FILE = YES;
				INFOPLIST_FILE = CCTSThumbnailProvider/Info.plist;
				INFOPLIST_KEY_CFBundleDisplayName = CCTSThumbnailProvider;
				INFOPLIST_KEY_NSHumanReadableCopyright = "";
				LD_RUNPATH_SEARCH_PATHS = (
					"$(inherited)",
					"@executable_path/../Frameworks",
					"@executable_path/../../../../Frameworks",
				);
				MACOSX_DEPLOYMENT_TARGET = 13.1;
				MARKETING_VERSION = 1.0;
				PRODUCT_BUNDLE_IDENTIFIER = com.tom.Graffiti.CCTSThumbnailProvider;
				PRODUCT_NAME = "$(TARGET_NAME)";
				SKIP_INSTALL = YES;
				SWIFT_EMIT_LOC_STRINGS = YES;
				SWIFT_VERSION = 5.0;
			};
			name = Release;
		};
		DC5244962960ACB300821407 /* Debug */ = {
			isa = XCBuildConfiguration;
			buildSettings = {
				ALWAYS_SEARCH_USER_PATHS = NO;
				CLANG_ANALYZER_NONNULL = YES;
				CLANG_ANALYZER_NUMBER_OBJECT_CONVERSION = YES_AGGRESSIVE;
				CLANG_CXX_LANGUAGE_STANDARD = "gnu++20";
				CLANG_ENABLE_MODULES = YES;
				CLANG_ENABLE_OBJC_ARC = YES;
				CLANG_ENABLE_OBJC_WEAK = YES;
				CLANG_WARN_BLOCK_CAPTURE_AUTORELEASING = YES;
				CLANG_WARN_BOOL_CONVERSION = YES;
				CLANG_WARN_COMMA = YES;
				CLANG_WARN_CONSTANT_CONVERSION = YES;
				CLANG_WARN_DEPRECATED_OBJC_IMPLEMENTATIONS = YES;
				CLANG_WARN_DIRECT_OBJC_ISA_USAGE = YES_ERROR;
				CLANG_WARN_DOCUMENTATION_COMMENTS = YES;
				CLANG_WARN_EMPTY_BODY = YES;
				CLANG_WARN_ENUM_CONVERSION = YES;
				CLANG_WARN_INFINITE_RECURSION = YES;
				CLANG_WARN_INT_CONVERSION = YES;
				CLANG_WARN_NON_LITERAL_NULL_CONVERSION = YES;
				CLANG_WARN_OBJC_IMPLICIT_RETAIN_SELF = YES;
				CLANG_WARN_OBJC_LITERAL_CONVERSION = YES;
				CLANG_WARN_OBJC_ROOT_CLASS = YES_ERROR;
				CLANG_WARN_QUOTED_INCLUDE_IN_FRAMEWORK_HEADER = YES;
				CLANG_WARN_RANGE_LOOP_ANALYSIS = YES;
				CLANG_WARN_STRICT_PROTOTYPES = YES;
				CLANG_WARN_SUSPICIOUS_MOVE = YES;
				CLANG_WARN_UNGUARDED_AVAILABILITY = YES_AGGRESSIVE;
				CLANG_WARN_UNREACHABLE_CODE = YES;
				CLANG_WARN__DUPLICATE_METHOD_MATCH = YES;
				COPY_PHASE_STRIP = NO;
				DEBUG_INFORMATION_FORMAT = dwarf;
				ENABLE_APP_SANDBOX = YES;
				ENABLE_STRICT_OBJC_MSGSEND = YES;
				ENABLE_TESTABILITY = YES;
				ENABLE_USER_SELECTED_FILES = readwrite;
				GCC_C_LANGUAGE_STANDARD = gnu11;
				GCC_DYNAMIC_NO_PIC = NO;
				GCC_NO_COMMON_BLOCKS = YES;
				GCC_OPTIMIZATION_LEVEL = 0;
				GCC_PREPROCESSOR_DEFINITIONS = (
					"DEBUG=1",
					"$(inherited)",
				);
				GCC_WARN_64_TO_32_BIT_CONVERSION = YES;
				GCC_WARN_ABOUT_RETURN_TYPE = YES_ERROR;
				GCC_WARN_UNDECLARED_SELECTOR = YES;
				GCC_WARN_UNINITIALIZED_AUTOS = YES_AGGRESSIVE;
				GCC_WARN_UNUSED_FUNCTION = YES;
				GCC_WARN_UNUSED_VARIABLE = YES;
				INFOPLIST_KEY_LSApplicationCategoryType = "public.app-category.productivity";
				MACOSX_DEPLOYMENT_TARGET = 13.0;
				MTL_ENABLE_DEBUG_INFO = INCLUDE_SOURCE;
				MTL_FAST_MATH = YES;
				ONLY_ACTIVE_ARCH = YES;
				SDKROOT = macosx;
				SWIFT_ACTIVE_COMPILATION_CONDITIONS = DEBUG;
				SWIFT_OBJC_BRIDGING_HEADER = "Graffiti/Graffiti-Bridging-Header.h";
				SWIFT_OPTIMIZATION_LEVEL = "-Onone";
			};
			name = Debug;
		};
		DC5244972960ACB300821407 /* Release */ = {
			isa = XCBuildConfiguration;
			buildSettings = {
				ALWAYS_SEARCH_USER_PATHS = NO;
				CLANG_ANALYZER_NONNULL = YES;
				CLANG_ANALYZER_NUMBER_OBJECT_CONVERSION = YES_AGGRESSIVE;
				CLANG_CXX_LANGUAGE_STANDARD = "gnu++20";
				CLANG_ENABLE_MODULES = YES;
				CLANG_ENABLE_OBJC_ARC = YES;
				CLANG_ENABLE_OBJC_WEAK = YES;
				CLANG_WARN_BLOCK_CAPTURE_AUTORELEASING = YES;
				CLANG_WARN_BOOL_CONVERSION = YES;
				CLANG_WARN_COMMA = YES;
				CLANG_WARN_CONSTANT_CONVERSION = YES;
				CLANG_WARN_DEPRECATED_OBJC_IMPLEMENTATIONS = YES;
				CLANG_WARN_DIRECT_OBJC_ISA_USAGE = YES_ERROR;
				CLANG_WARN_DOCUMENTATION_COMMENTS = YES;
				CLANG_WARN_EMPTY_BODY = YES;
				CLANG_WARN_ENUM_CONVERSION = YES;
				CLANG_WARN_INFINITE_RECURSION = YES;
				CLANG_WARN_INT_CONVERSION = YES;
				CLANG_WARN_NON_LITERAL_NULL_CONVERSION = YES;
				CLANG_WARN_OBJC_IMPLICIT_RETAIN_SELF = YES;
				CLANG_WARN_OBJC_LITERAL_CONVERSION = YES;
				CLANG_WARN_OBJC_ROOT_CLASS = YES_ERROR;
				CLANG_WARN_QUOTED_INCLUDE_IN_FRAMEWORK_HEADER = YES;
				CLANG_WARN_RANGE_LOOP_ANALYSIS = YES;
				CLANG_WARN_STRICT_PROTOTYPES = YES;
				CLANG_WARN_SUSPICIOUS_MOVE = YES;
				CLANG_WARN_UNGUARDED_AVAILABILITY = YES_AGGRESSIVE;
				CLANG_WARN_UNREACHABLE_CODE = YES;
				CLANG_WARN__DUPLICATE_METHOD_MATCH = YES;
				COPY_PHASE_STRIP = NO;
				DEBUG_INFORMATION_FORMAT = "dwarf-with-dsym";
				ENABLE_APP_SANDBOX = YES;
				ENABLE_NS_ASSERTIONS = NO;
				ENABLE_STRICT_OBJC_MSGSEND = YES;
				ENABLE_USER_SELECTED_FILES = readwrite;
				GCC_C_LANGUAGE_STANDARD = gnu11;
				GCC_NO_COMMON_BLOCKS = YES;
				GCC_WARN_64_TO_32_BIT_CONVERSION = YES;
				GCC_WARN_ABOUT_RETURN_TYPE = YES_ERROR;
				GCC_WARN_UNDECLARED_SELECTOR = YES;
				GCC_WARN_UNINITIALIZED_AUTOS = YES_AGGRESSIVE;
				GCC_WARN_UNUSED_FUNCTION = YES;
				GCC_WARN_UNUSED_VARIABLE = YES;
				INFOPLIST_KEY_LSApplicationCategoryType = "public.app-category.productivity";
				MACOSX_DEPLOYMENT_TARGET = 13.0;
				MTL_ENABLE_DEBUG_INFO = NO;
				MTL_FAST_MATH = YES;
				SDKROOT = macosx;
				SWIFT_COMPILATION_MODE = wholemodule;
				SWIFT_OBJC_BRIDGING_HEADER = "Graffiti/Graffiti-Bridging-Header.h";
				SWIFT_OPTIMIZATION_LEVEL = "-O";
			};
			name = Release;
		};
		DC5244992960ACB300821407 /* Debug */ = {
			isa = XCBuildConfiguration;
			buildSettings = {
				ALWAYS_EMBED_SWIFT_STANDARD_LIBRARIES = YES;
				ASSETCATALOG_COMPILER_APPICON_NAME = AppIcon;
				ASSETCATALOG_COMPILER_GLOBAL_ACCENT_COLOR_NAME = AccentColor;
				CLANG_ENABLE_MODULES = YES;
				CODE_SIGN_ENTITLEMENTS = Graffiti/Graffiti.entitlements;
				CODE_SIGN_STYLE = Automatic;
				COMBINE_HIDPI_IMAGES = YES;
				CURRENT_PROJECT_VERSION = 23JA25B;
				DEVELOPMENT_ASSET_PATHS = "\"Graffiti/Preview Content\"";
				DEVELOPMENT_TEAM = 9KTV75G5K9;
				ENABLE_HARDENED_RUNTIME = YES;
				ENABLE_PREVIEWS = YES;
				GENERATE_INFOPLIST_FILE = YES;
				INFOPLIST_FILE = Graffiti/Info.plist;
				INFOPLIST_KEY_LSApplicationCategoryType = "public.app-category.productivity";
				INFOPLIST_KEY_NSHumanReadableCopyright = "";
				LD_RUNPATH_SEARCH_PATHS = (
					"$(inherited)",
					"@executable_path/../Frameworks",
				);
				MACOSX_DEPLOYMENT_TARGET = 13.0;
				MARKETING_VERSION = 10.1.0;
				PRODUCT_BUNDLE_IDENTIFIER = com.tom.Graffiti;
				PRODUCT_NAME = "$(TARGET_NAME)";
				SWIFT_EMIT_LOC_STRINGS = YES;
				SWIFT_OBJC_BRIDGING_HEADER = "Graffiti/Graffiti-Bridging-Header.h";
				SWIFT_OPTIMIZATION_LEVEL = "-Onone";
				SWIFT_VERSION = 5.0;
			};
			name = Debug;
		};
		DC52449A2960ACB300821407 /* Release */ = {
			isa = XCBuildConfiguration;
			buildSettings = {
				ALWAYS_EMBED_SWIFT_STANDARD_LIBRARIES = YES;
				ASSETCATALOG_COMPILER_APPICON_NAME = AppIcon;
				ASSETCATALOG_COMPILER_GLOBAL_ACCENT_COLOR_NAME = AccentColor;
				CLANG_ENABLE_MODULES = YES;
				CODE_SIGN_ENTITLEMENTS = Graffiti/Graffiti.entitlements;
				CODE_SIGN_STYLE = Automatic;
				COMBINE_HIDPI_IMAGES = YES;
				CURRENT_PROJECT_VERSION = 23JA25B;
				DEVELOPMENT_ASSET_PATHS = "\"Graffiti/Preview Content\"";
				DEVELOPMENT_TEAM = 9KTV75G5K9;
				ENABLE_HARDENED_RUNTIME = YES;
				ENABLE_PREVIEWS = YES;
				GENERATE_INFOPLIST_FILE = YES;
				INFOPLIST_FILE = Graffiti/Info.plist;
				INFOPLIST_KEY_LSApplicationCategoryType = "public.app-category.productivity";
				INFOPLIST_KEY_NSHumanReadableCopyright = "";
				LD_RUNPATH_SEARCH_PATHS = (
					"$(inherited)",
					"@executable_path/../Frameworks",
				);
				MACOSX_DEPLOYMENT_TARGET = 13.0;
				MARKETING_VERSION = 10.1.0;
				PRODUCT_BUNDLE_IDENTIFIER = com.tom.Graffiti;
				PRODUCT_NAME = "$(TARGET_NAME)";
				SWIFT_EMIT_LOC_STRINGS = YES;
				SWIFT_OBJC_BRIDGING_HEADER = "Graffiti/Graffiti-Bridging-Header.h";
				SWIFT_VERSION = 5.0;
			};
			name = Release;
		};
		DC5D2657297EE699009D3868 /* Debug */ = {
			isa = XCBuildConfiguration;
			buildSettings = {
				CODE_SIGN_ENTITLEMENTS = GraffitiTagFile/GraffitiTagFile.entitlements;
				CODE_SIGN_STYLE = Automatic;
				CURRENT_PROJECT_VERSION = 1;
				DEVELOPMENT_TEAM = 9KTV75G5K9;
				ENABLE_HARDENED_RUNTIME = YES;
				GENERATE_INFOPLIST_FILE = YES;
				INFOPLIST_FILE = GraffitiTagFile/Info.plist;
				INFOPLIST_KEY_CFBundleDisplayName = GraffitiTagFile;
				INFOPLIST_KEY_NSHumanReadableCopyright = "";
				LD_RUNPATH_SEARCH_PATHS = (
					"$(inherited)",
					"@executable_path/../Frameworks",
					"@executable_path/../../../../Frameworks",
				);
				MACOSX_DEPLOYMENT_TARGET = 13.1;
				MARKETING_VERSION = 1.0;
				PRODUCT_BUNDLE_IDENTIFIER = com.tom.Graffiti.GraffitiTagFile;
				PRODUCT_NAME = "$(TARGET_NAME)";
				SKIP_INSTALL = YES;
				SWIFT_EMIT_LOC_STRINGS = YES;
				SWIFT_VERSION = 5.0;
			};
			name = Debug;
		};
		DC5D2658297EE699009D3868 /* Release */ = {
			isa = XCBuildConfiguration;
			buildSettings = {
				CODE_SIGN_ENTITLEMENTS = GraffitiTagFile/GraffitiTagFile.entitlements;
				CODE_SIGN_STYLE = Automatic;
				CURRENT_PROJECT_VERSION = 1;
				DEVELOPMENT_TEAM = 9KTV75G5K9;
				ENABLE_HARDENED_RUNTIME = YES;
				GENERATE_INFOPLIST_FILE = YES;
				INFOPLIST_FILE = GraffitiTagFile/Info.plist;
				INFOPLIST_KEY_CFBundleDisplayName = GraffitiTagFile;
				INFOPLIST_KEY_NSHumanReadableCopyright = "";
				LD_RUNPATH_SEARCH_PATHS = (
					"$(inherited)",
					"@executable_path/../Frameworks",
					"@executable_path/../../../../Frameworks",
				);
				MACOSX_DEPLOYMENT_TARGET = 13.1;
				MARKETING_VERSION = 1.0;
				PRODUCT_BUNDLE_IDENTIFIER = com.tom.Graffiti.GraffitiTagFile;
				PRODUCT_NAME = "$(TARGET_NAME)";
				SKIP_INSTALL = YES;
				SWIFT_EMIT_LOC_STRINGS = YES;
				SWIFT_VERSION = 5.0;
			};
			name = Release;
		};
		DCFAEC7D297AFD3400F8A80F /* Debug */ = {
			isa = XCBuildConfiguration;
			buildSettings = {
				CODE_SIGN_ENTITLEMENTS = CCTSQLPlugin/CCTSQLPlugin.entitlements;
				CODE_SIGN_STYLE = Automatic;
				CURRENT_PROJECT_VERSION = 1;
				DEVELOPMENT_TEAM = 9KTV75G5K9;
				ENABLE_HARDENED_RUNTIME = YES;
				GENERATE_INFOPLIST_FILE = YES;
				INFOPLIST_FILE = CCTSQLPlugin/Info.plist;
				INFOPLIST_KEY_CFBundleDisplayName = CCTSQLPlugin;
				INFOPLIST_KEY_LSApplicationCategoryType = "public.app-category.productivity";
				INFOPLIST_KEY_NSHumanReadableCopyright = "";
				LD_RUNPATH_SEARCH_PATHS = (
					"$(inherited)",
					"@executable_path/../Frameworks",
					"@executable_path/../../../../Frameworks",
				);
				MACOSX_DEPLOYMENT_TARGET = 13.1;
				MARKETING_VERSION = 1.0;
				PRODUCT_BUNDLE_IDENTIFIER = com.tom.Graffiti.CCTSQLPlugin;
				PRODUCT_NAME = "$(TARGET_NAME)";
				SKIP_INSTALL = YES;
				SWIFT_EMIT_LOC_STRINGS = YES;
				SWIFT_VERSION = 5.0;
			};
			name = Debug;
		};
		DCFAEC7E297AFD3400F8A80F /* Release */ = {
			isa = XCBuildConfiguration;
			buildSettings = {
				CODE_SIGN_ENTITLEMENTS = CCTSQLPlugin/CCTSQLPlugin.entitlements;
				CODE_SIGN_STYLE = Automatic;
				CURRENT_PROJECT_VERSION = 1;
				DEVELOPMENT_TEAM = 9KTV75G5K9;
				ENABLE_HARDENED_RUNTIME = YES;
				GENERATE_INFOPLIST_FILE = YES;
				INFOPLIST_FILE = CCTSQLPlugin/Info.plist;
				INFOPLIST_KEY_CFBundleDisplayName = CCTSQLPlugin;
				INFOPLIST_KEY_LSApplicationCategoryType = "public.app-category.productivity";
				INFOPLIST_KEY_NSHumanReadableCopyright = "";
				LD_RUNPATH_SEARCH_PATHS = (
					"$(inherited)",
					"@executable_path/../Frameworks",
					"@executable_path/../../../../Frameworks",
				);
				MACOSX_DEPLOYMENT_TARGET = 13.1;
				MARKETING_VERSION = 1.0;
				PRODUCT_BUNDLE_IDENTIFIER = com.tom.Graffiti.CCTSQLPlugin;
				PRODUCT_NAME = "$(TARGET_NAME)";
				SKIP_INSTALL = YES;
				SWIFT_EMIT_LOC_STRINGS = YES;
				SWIFT_VERSION = 5.0;
			};
			name = Release;
		};
/* End XCBuildConfiguration section */

/* Begin XCConfigurationList section */
		DC14E74F297DCBE8001B00AC /* Build configuration list for PBXNativeTarget "CCTSThumbnailProvider" */ = {
			isa = XCConfigurationList;
			buildConfigurations = (
				DC14E750297DCBE8001B00AC /* Debug */,
				DC14E751297DCBE8001B00AC /* Release */,
			);
			defaultConfigurationIsVisible = 0;
			defaultConfigurationName = Release;
		};
		DC5244842960ACB200821407 /* Build configuration list for PBXProject "Graffiti" */ = {
			isa = XCConfigurationList;
			buildConfigurations = (
				DC5244962960ACB300821407 /* Debug */,
				DC5244972960ACB300821407 /* Release */,
			);
			defaultConfigurationIsVisible = 0;
			defaultConfigurationName = Release;
		};
		DC5244982960ACB300821407 /* Build configuration list for PBXNativeTarget "Graffiti" */ = {
			isa = XCConfigurationList;
			buildConfigurations = (
				DC5244992960ACB300821407 /* Debug */,
				DC52449A2960ACB300821407 /* Release */,
			);
			defaultConfigurationIsVisible = 0;
			defaultConfigurationName = Release;
		};
		DC5D2659297EE699009D3868 /* Build configuration list for PBXNativeTarget "GraffitiTagFile" */ = {
			isa = XCConfigurationList;
			buildConfigurations = (
				DC5D2657297EE699009D3868 /* Debug */,
				DC5D2658297EE699009D3868 /* Release */,
			);
			defaultConfigurationIsVisible = 0;
			defaultConfigurationName = Release;
		};
		DCFAEC7F297AFD3400F8A80F /* Build configuration list for PBXNativeTarget "CCTSQLPlugin" */ = {
			isa = XCConfigurationList;
			buildConfigurations = (
				DCFAEC7D297AFD3400F8A80F /* Debug */,
				DCFAEC7E297AFD3400F8A80F /* Release */,
			);
			defaultConfigurationIsVisible = 0;
			defaultConfigurationName = Release;
		};
/* End XCConfigurationList section */
	};
	rootObject = DC5244812960ACB200821407 /* Project object */;
}
